
Microsoft Visual Studio Solution File, Format Version 12.00
# Visual Studio 14
VisualStudioVersion = 14.0.25420.1
MinimumVisualStudioVersion = 10.0.40219.1
Project("{FAE04EC0-301F-11D3-BF4B-00C04F79EFBC}") = "FuzzyCore", "FuzzyCore\FuzzyCore.csproj", "{B766A838-A952-4EF7-881F-158AE452FF40}"
EndProject
Project("{2150E333-8FDC-42A3-9474-1A3956D46DE8}") = "InitMethod", "InitMethod", "{A48BF2D7-1BDF-4323-BDF5-D763C91BD2AD}"
EndProject
Project("{2150E333-8FDC-42A3-9474-1A3956D46DE8}") = "LearnMethods", "LearnMethods", "{7E98A67B-2118-4EF2-B9AA-5BDAE226C3AF}"
EndProject
Project("{2150E333-8FDC-42A3-9474-1A3956D46DE8}") = "GUI", "GUI", "{2D28BEAB-F646-4B90-B469-6CA653991A93}"
EndProject
Project("{2150E333-8FDC-42A3-9474-1A3956D46DE8}") = "CMD", "CMD", "{ABB8ACBC-9B74-42F6-8572-1409E235E856}"
EndProject
Project("{FAE04EC0-301F-11D3-BF4B-00C04F79EFBC}") = "RunInitGrid", "CMD\RunInit\RunInitGrid.csproj", "{65739E63-2A12-4669-BED8-FC8AEDDE0A71}"
EndProject
Project("{FAE04EC0-301F-11D3-BF4B-00C04F79EFBC}") = "Mix_project", "GUI\FormsBoth\Mix_project.csproj", "{4DF2E83B-E8FE-46B9-80BE-5DE7EEF6E63D}"
EndProject
Project("{FAE04EC0-301F-11D3-BF4B-00C04F79EFBC}") = "BaseInitMethods", "InitMethods\BaseInitMethods\BaseInitMethods.csproj", "{29BE140B-9BBB-4F99-B4C7-429A39B170B1}"
EndProject
Project("{FAE04EC0-301F-11D3-BF4B-00C04F79EFBC}") = "CMeanInitMethods", "InitMethods\CMeanInit\CMeanInitMethods.csproj", "{47262F69-FA26-4541-9DE7-3FB9E7135EB8}"
EndProject
Project("{FAE04EC0-301F-11D3-BF4B-00C04F79EFBC}") = "ShrinkInitMethods", "InitMethods\ShrinkInit\ShrinkInitMethods.csproj", "{419A856A-0441-4DC5-8235-290172F7FDD8}"
EndProject
Project("{2150E333-8FDC-42A3-9474-1A3956D46DE8}") = "Libs", "Libs", "{A90E8CF6-4BF2-4F50-BB21-1F17F2B4A076}"
EndProject
Project("{FAE04EC0-301F-11D3-BF4B-00C04F79EFBC}") = "AntsMethods", "TuneMethods\AntsMethods\AntsMethods.csproj", "{91642B1B-38E6-402A-BFD0-5874F47446EE}"
EndProject
Project("{FAE04EC0-301F-11D3-BF4B-00C04F79EFBC}") = "BeesMethods", "TuneMethods\BeesMethods\BeesMethods.csproj", "{9D53CCB9-CB14-43CE-BEAD-D3DC16757076}"
EndProject
Project("{FAE04EC0-301F-11D3-BF4B-00C04F79EFBC}") = "DevariationsMethods", "TuneMethods\LSMAndDevariationMethods\DevariationsMethods.csproj", "{8710C054-7A7E-454C-BE1D-CD373580A2CE}"
EndProject
Project("{FAE04EC0-301F-11D3-BF4B-00C04F79EFBC}") = "EsMethods", "TuneMethods\EsMethods\EsMethods.csproj", "{20EC6B81-0747-4659-B07F-EA9B21985A30}"
EndProject
Project("{FAE04EC0-301F-11D3-BF4B-00C04F79EFBC}") = "PSOMethods", "TuneMethods\PSOMethods\PSOMethods.csproj", "{2A009A4F-48E6-43F0-9F1D-2F751A9A2645}"
EndProject
Project("{FAE04EC0-301F-11D3-BF4B-00C04F79EFBC}") = "RandomMethods", "TuneMethods\RandomMethods\RandomMethods.csproj", "{B7DD2BD7-1C8F-4509-A871-D8BF21E48991}"
EndProject
Project("{FAE04EC0-301F-11D3-BF4B-00C04F79EFBC}") = "ShrinkMethods", "TuneMethods\ShrinkMethods\ShrinkMethods.csproj", "{F476C75B-3F27-4983-95B6-641DAD5AD8FD}"
EndProject
Project("{FAE04EC0-301F-11D3-BF4B-00C04F79EFBC}") = "PuralFormsAndGaussRandom", "Libs\PluralFormsAndGaussRandoms\PuralFormsAndGaussRandom.csproj", "{0ECF0B34-295E-4DAE-8C1F-AC560D16E076}"
EndProject
Project("{FAE04EC0-301F-11D3-BF4B-00C04F79EFBC}") = "UnionAndUnCrossTermsMethods", "TuneMethods\UnionAndUnCrossTermsMethods\UnionAndUnCrossTermsMethods.csproj", "{37599C55-E14E-425A-B8D8-F68FE14682E1}"
EndProject
Project("{FAE04EC0-301F-11D3-BF4B-00C04F79EFBC}") = "DrawMeFS", "OLD\Partial_core\DrawMe\DrawMe\DrawMeFS.csproj", "{975054BC-3216-4504-99C1-2B0529B3716C}"
EndProject
Project("{FAE04EC0-301F-11D3-BF4B-00C04F79EFBC}") = "MultiGoal", "TuneMethods\MultiGoal\MultiGoal.csproj", "{F6718847-DA31-4E8D-B8E9-DD07F58B72E7}"
EndProject
Project("{2150E333-8FDC-42A3-9474-1A3956D46DE8}") = "WebConnector", "WebConnector", "{C83C42EB-B65D-4C19-B7B2-AC8A5142D970}"
EndProject
Project("{FAE04EC0-301F-11D3-BF4B-00C04F79EFBC}") = "GreedyChoice", "InitMethods\GreedyChoice\GreedyChoice.csproj", "{0C392502-69E2-4E54-AA9D-9F455DF414D8}"
EndProject
Project("{FAE04EC0-301F-11D3-BF4B-00C04F79EFBC}") = "Cuckoo", "TuneMethods\Cuckoo\Cuckoo.csproj", "{289E14A3-5E0B-4879-8380-A19914E1D0CB}"
EndProject
Project("{FAE04EC0-301F-11D3-BF4B-00C04F79EFBC}") = "KddStats", "TuneMethods\KddStats\KddStats.csproj", "{EDAD1EC0-A594-4094-BAD6-8495F0B3BE98}"
EndProject
Project("{FAE04EC0-301F-11D3-BF4B-00C04F79EFBC}") = "TestJavaInputParams", "CMD\TestJavaInputParams\TestJavaInputParams.csproj", "{98C27A5A-86DD-4261-9F7F-1C719F6B03C1}"
EndProject
Project("{FAE04EC0-301F-11D3-BF4B-00C04F79EFBC}") = "GeneticAlgorithmTune", "TuneMethods\GeneticAlgorithmTune\GeneticAlgorithmTune.csproj", "{9793DE91-27D9-41EA-8AC1-4A7F461675E8}"
EndProject
Project("{2150E333-8FDC-42A3-9474-1A3956D46DE8}") = "Tools", "Tools", "{8671FF8B-2ABA-45B6-84D5-BFFB4BF786EF}"
EndProject
Project("{FAE04EC0-301F-11D3-BF4B-00C04F79EFBC}") = "DrawMeMultuGoal", "Tools\DrawMeMultuGoal\DrawMeMultuGoal.csproj", "{91697FB8-B517-4AD8-B410-488B9C00E5C4}"
EndProject
Project("{FAE04EC0-301F-11D3-BF4B-00C04F79EFBC}") = "XLSAndTextFilesTools", "Libs\XLSAndTextFilesTools\XLSAndTextFilesTools.csproj", "{A4A041B3-53EF-4E6B-8424-F5A1C9EC0D82}"
EndProject
Project("{FAE04EC0-301F-11D3-BF4B-00C04F79EFBC}") = "ReCalcUFSForm", "Tools\ReCalcUFSForm\ReCalcUFSForm.csproj", "{1BF911F7-1DAB-4161-81A3-09A571186128}"
EndProject
Project("{FAE04EC0-301F-11D3-BF4B-00C04F79EFBC}") = "HybrideWrappers", "TuneMethods\HybrideWrappers\HybrideWrappers.csproj", "{50E4995A-A58B-4651-86D9-8196668D3DF1}"
EndProject
Project("{FAE04EC0-301F-11D3-BF4B-00C04F79EFBC}") = "ConfigPropertyGridUtils", "Libs\ConfigPropertyGridUtils\ConfigPropertyGridUtils.csproj", "{711D48B6-582B-459E-9483-D7C91C5A15E7}"
EndProject
Project("{FAE04EC0-301F-11D3-BF4B-00C04F79EFBC}") = "MatrixEvalution", "MatrixEvalution\MatrixEvalution.csproj", "{07651934-00AA-4264-AD63-C18222C948D7}"
EndProject
Project("{FAE04EC0-301F-11D3-BF4B-00C04F79EFBC}") = "RecursiveLeastSquares", "TuneMethods\RecursiveLeastSquares\RecursiveLeastSquares.csproj", "{EA1B143D-4AB3-4664-8D98-2690A29241A3}"
EndProject
Project("{FAE04EC0-301F-11D3-BF4B-00C04F79EFBC}") = "MBAMethods", "TuneMethods\MBA_project\MBAMethods.csproj", "{951EF0EF-C8CB-4C3E-83FB-238ABC3663D2}"
EndProject
Project("{FAE04EC0-301F-11D3-BF4B-00C04F79EFBC}") = "ForDictors", "ForDictors\ForDictors.csproj", "{E63989A5-120C-4CED-995B-53566606FD50}"
EndProject
Project("{FAE04EC0-301F-11D3-BF4B-00C04F79EFBC}") = "GSA", "TuneMethods\GSA\GSA.csproj", "{5ECC6D6D-158A-45CD-A63C-57AB9A2488B4}"
EndProject
Project("{FAE04EC0-301F-11D3-BF4B-00C04F79EFBC}") = "DynamicTune", "TuneMethods\DynamicTune\DynamicTune.csproj", "{5733C5D9-9C2F-4B9D-9409-0BFC31C79DB6}"
EndProject
Project("{FAE04EC0-301F-11D3-BF4B-00C04F79EFBC}") = "MonkeyOptimization", "TuneMethods\MonkeyOptimization\MonkeyOptimization.csproj", "{72B731B4-9104-427F-A01B-6825CDB0C5C7}"
EndProject
Project("{FAE04EC0-301F-11D3-BF4B-00C04F79EFBC}") = "KLI", "InitMethods\KLI\KLI.csproj", "{C83172E1-1C4A-46D3-8B04-A9F44535B4E4}"
EndProject
Project("{FAE04EC0-301F-11D3-BF4B-00C04F79EFBC}") = "Weeds", "TuneMethods\Weeds\Weeds.csproj", "{02EEDEAD-69EC-4F30-9DFC-2B496075A958}"
EndProject
Project("{FAE04EC0-301F-11D3-BF4B-00C04F79EFBC}") = "WeedsCut", "TuneMethods\WeedsCut\WeedsCut.csproj", "{9668209D-BEC3-4541-B42C-3B7FB72825EC}"
EndProject
Project("{FAE04EC0-301F-11D3-BF4B-00C04F79EFBC}") = "FuzzySystemWithError", "Libs\FuzzySystemWithError\FuzzySystemWithError.csproj", "{FD1B1A57-548B-4AB5-A867-1528C8F1DE8F}"
EndProject
Project("{FAE04EC0-301F-11D3-BF4B-00C04F79EFBC}") = "WaterCycleAlgorithm", "TuneMethods\WaterCycleAlgorithm\WaterCycleAlgorithm.csproj", "{4F986CA3-A8FF-442F-A52F-B7A24EF558C7}"
EndProject
Project("{FAE04EC0-301F-11D3-BF4B-00C04F79EFBC}") = "KrillHerd", "TuneMethods\KrillHerd\KrillHerd.csproj", "{AAD04340-ED65-44C5-BE9D-E52A24454CA0}"
EndProject
Project("{FAE04EC0-301F-11D3-BF4B-00C04F79EFBC}") = "StructureWithError", "StructureWithError\StructureWithError.csproj", "{6545629C-0670-45F6-B754-DE1A2BA558EC}"
EndProject
Project("{FAE04EC0-301F-11D3-BF4B-00C04F79EFBC}") = "GSAbin", "TuneMethods\GSAbin\GSAbin.csproj", "{D6CED419-8CAB-4CA2-AA2F-BA913337AF4C}"
EndProject
Project("{FAE04EC0-301F-11D3-BF4B-00C04F79EFBC}") = "SwallowSwarmOptimization", "TuneMethods\SwallowSwarmOptimization\SwallowSwarmOptimization.csproj", "{CE373F06-A355-4F92-AD13-83FEC6B74FDB}"
EndProject
Project("{FAE04EC0-301F-11D3-BF4B-00C04F79EFBC}") = "BrainStorm", "TuneMethods\BrainStorm\BrainStorm.csproj", "{6267FDA7-6663-4673-ADA2-56E12397771A}"
EndProject
Project("{FAE04EC0-301F-11D3-BF4B-00C04F79EFBC}") = "DBrainStorm", "TuneMethods\DBrainStorm\DBrainStorm.csproj", "{104C31CB-AC74-4E7C-8DBF-96E77E6D0877}"
EndProject
Global
	GlobalSection(SolutionConfigurationPlatforms) = preSolution
		Debug|Any CPU = Debug|Any CPU
		Debug|Mixed Platforms = Debug|Mixed Platforms
		Debug|Win32 = Debug|Win32
		Debug|x64 = Debug|x64
		Debug|x86 = Debug|x86
		Release|Any CPU = Release|Any CPU
		Release|Mixed Platforms = Release|Mixed Platforms
		Release|Win32 = Release|Win32
		Release|x64 = Release|x64
		Release|x86 = Release|x86
	EndGlobalSection
	GlobalSection(ProjectConfigurationPlatforms) = postSolution
		{B766A838-A952-4EF7-881F-158AE452FF40}.Debug|Any CPU.ActiveCfg = Release|Any CPU
		{B766A838-A952-4EF7-881F-158AE452FF40}.Debug|Any CPU.Build.0 = Release|Any CPU
		{B766A838-A952-4EF7-881F-158AE452FF40}.Debug|Mixed Platforms.ActiveCfg = Debug|Any CPU
		{B766A838-A952-4EF7-881F-158AE452FF40}.Debug|Mixed Platforms.Build.0 = Debug|Any CPU
		{B766A838-A952-4EF7-881F-158AE452FF40}.Debug|Win32.ActiveCfg = Debug|Any CPU
		{B766A838-A952-4EF7-881F-158AE452FF40}.Debug|x64.ActiveCfg = Debug|x64
		{B766A838-A952-4EF7-881F-158AE452FF40}.Debug|x64.Build.0 = Debug|x64
		{B766A838-A952-4EF7-881F-158AE452FF40}.Debug|x86.ActiveCfg = Debug|Any CPU
		{B766A838-A952-4EF7-881F-158AE452FF40}.Release|Any CPU.ActiveCfg = Release|Any CPU
		{B766A838-A952-4EF7-881F-158AE452FF40}.Release|Any CPU.Build.0 = Release|Any CPU
		{B766A838-A952-4EF7-881F-158AE452FF40}.Release|Mixed Platforms.ActiveCfg = Release|Any CPU
		{B766A838-A952-4EF7-881F-158AE452FF40}.Release|Mixed Platforms.Build.0 = Release|Any CPU
		{B766A838-A952-4EF7-881F-158AE452FF40}.Release|Win32.ActiveCfg = Release|Any CPU
		{B766A838-A952-4EF7-881F-158AE452FF40}.Release|x64.ActiveCfg = Release|x64
		{B766A838-A952-4EF7-881F-158AE452FF40}.Release|x64.Build.0 = Release|x64
		{B766A838-A952-4EF7-881F-158AE452FF40}.Release|x86.ActiveCfg = Release|Any CPU
		{65739E63-2A12-4669-BED8-FC8AEDDE0A71}.Debug|Any CPU.ActiveCfg = Debug|x86
		{65739E63-2A12-4669-BED8-FC8AEDDE0A71}.Debug|Mixed Platforms.ActiveCfg = Debug|x64
		{65739E63-2A12-4669-BED8-FC8AEDDE0A71}.Debug|Mixed Platforms.Build.0 = Debug|x64
		{65739E63-2A12-4669-BED8-FC8AEDDE0A71}.Debug|Win32.ActiveCfg = Debug|x86
		{65739E63-2A12-4669-BED8-FC8AEDDE0A71}.Debug|x64.ActiveCfg = Debug|x64
		{65739E63-2A12-4669-BED8-FC8AEDDE0A71}.Debug|x64.Build.0 = Debug|x64
		{65739E63-2A12-4669-BED8-FC8AEDDE0A71}.Debug|x86.ActiveCfg = Debug|x86
		{65739E63-2A12-4669-BED8-FC8AEDDE0A71}.Debug|x86.Build.0 = Debug|x86
		{65739E63-2A12-4669-BED8-FC8AEDDE0A71}.Release|Any CPU.ActiveCfg = Release|x86
		{65739E63-2A12-4669-BED8-FC8AEDDE0A71}.Release|Mixed Platforms.ActiveCfg = Release|x86
		{65739E63-2A12-4669-BED8-FC8AEDDE0A71}.Release|Mixed Platforms.Build.0 = Release|x86
		{65739E63-2A12-4669-BED8-FC8AEDDE0A71}.Release|Win32.ActiveCfg = Release|x86
		{65739E63-2A12-4669-BED8-FC8AEDDE0A71}.Release|x64.ActiveCfg = Release|x64
		{65739E63-2A12-4669-BED8-FC8AEDDE0A71}.Release|x64.Build.0 = Release|x64
		{65739E63-2A12-4669-BED8-FC8AEDDE0A71}.Release|x86.ActiveCfg = Release|x86
		{65739E63-2A12-4669-BED8-FC8AEDDE0A71}.Release|x86.Build.0 = Release|x86
		{4DF2E83B-E8FE-46B9-80BE-5DE7EEF6E63D}.Debug|Any CPU.ActiveCfg = Debug|x86
		{4DF2E83B-E8FE-46B9-80BE-5DE7EEF6E63D}.Debug|Mixed Platforms.ActiveCfg = Debug|x64
		{4DF2E83B-E8FE-46B9-80BE-5DE7EEF6E63D}.Debug|Mixed Platforms.Build.0 = Debug|x64
		{4DF2E83B-E8FE-46B9-80BE-5DE7EEF6E63D}.Debug|Win32.ActiveCfg = Debug|x86
		{4DF2E83B-E8FE-46B9-80BE-5DE7EEF6E63D}.Debug|x64.ActiveCfg = Debug|x64
		{4DF2E83B-E8FE-46B9-80BE-5DE7EEF6E63D}.Debug|x64.Build.0 = Debug|x64
		{4DF2E83B-E8FE-46B9-80BE-5DE7EEF6E63D}.Debug|x86.ActiveCfg = Debug|x86
		{4DF2E83B-E8FE-46B9-80BE-5DE7EEF6E63D}.Debug|x86.Build.0 = Debug|x86
		{4DF2E83B-E8FE-46B9-80BE-5DE7EEF6E63D}.Release|Any CPU.ActiveCfg = Release|x86
		{4DF2E83B-E8FE-46B9-80BE-5DE7EEF6E63D}.Release|Mixed Platforms.ActiveCfg = Release|x86
		{4DF2E83B-E8FE-46B9-80BE-5DE7EEF6E63D}.Release|Mixed Platforms.Build.0 = Release|x86
		{4DF2E83B-E8FE-46B9-80BE-5DE7EEF6E63D}.Release|Win32.ActiveCfg = Release|x86
		{4DF2E83B-E8FE-46B9-80BE-5DE7EEF6E63D}.Release|x64.ActiveCfg = Release|x64
		{4DF2E83B-E8FE-46B9-80BE-5DE7EEF6E63D}.Release|x64.Build.0 = Release|x64
		{4DF2E83B-E8FE-46B9-80BE-5DE7EEF6E63D}.Release|x86.ActiveCfg = Release|x86
		{4DF2E83B-E8FE-46B9-80BE-5DE7EEF6E63D}.Release|x86.Build.0 = Release|x86
		{29BE140B-9BBB-4F99-B4C7-429A39B170B1}.Debug|Any CPU.ActiveCfg = Debug|Any CPU
		{29BE140B-9BBB-4F99-B4C7-429A39B170B1}.Debug|Any CPU.Build.0 = Debug|Any CPU
		{29BE140B-9BBB-4F99-B4C7-429A39B170B1}.Debug|Mixed Platforms.ActiveCfg = Debug|Any CPU
		{29BE140B-9BBB-4F99-B4C7-429A39B170B1}.Debug|Mixed Platforms.Build.0 = Debug|Any CPU
		{29BE140B-9BBB-4F99-B4C7-429A39B170B1}.Debug|Win32.ActiveCfg = Debug|Any CPU
		{29BE140B-9BBB-4F99-B4C7-429A39B170B1}.Debug|x64.ActiveCfg = Debug|x64
		{29BE140B-9BBB-4F99-B4C7-429A39B170B1}.Debug|x64.Build.0 = Debug|x64
		{29BE140B-9BBB-4F99-B4C7-429A39B170B1}.Debug|x86.ActiveCfg = Debug|Any CPU
		{29BE140B-9BBB-4F99-B4C7-429A39B170B1}.Release|Any CPU.ActiveCfg = Release|Any CPU
		{29BE140B-9BBB-4F99-B4C7-429A39B170B1}.Release|Any CPU.Build.0 = Release|Any CPU
		{29BE140B-9BBB-4F99-B4C7-429A39B170B1}.Release|Mixed Platforms.ActiveCfg = Release|Any CPU
		{29BE140B-9BBB-4F99-B4C7-429A39B170B1}.Release|Mixed Platforms.Build.0 = Release|Any CPU
		{29BE140B-9BBB-4F99-B4C7-429A39B170B1}.Release|Win32.ActiveCfg = Release|Any CPU
		{29BE140B-9BBB-4F99-B4C7-429A39B170B1}.Release|x64.ActiveCfg = Release|x64
		{29BE140B-9BBB-4F99-B4C7-429A39B170B1}.Release|x64.Build.0 = Release|x64
		{29BE140B-9BBB-4F99-B4C7-429A39B170B1}.Release|x86.ActiveCfg = Release|Any CPU
		{47262F69-FA26-4541-9DE7-3FB9E7135EB8}.Debug|Any CPU.ActiveCfg = Debug|Any CPU
		{47262F69-FA26-4541-9DE7-3FB9E7135EB8}.Debug|Any CPU.Build.0 = Debug|Any CPU
		{47262F69-FA26-4541-9DE7-3FB9E7135EB8}.Debug|Mixed Platforms.ActiveCfg = Debug|Any CPU
		{47262F69-FA26-4541-9DE7-3FB9E7135EB8}.Debug|Mixed Platforms.Build.0 = Debug|Any CPU
		{47262F69-FA26-4541-9DE7-3FB9E7135EB8}.Debug|Win32.ActiveCfg = Debug|Any CPU
		{47262F69-FA26-4541-9DE7-3FB9E7135EB8}.Debug|x64.ActiveCfg = Debug|x64
		{47262F69-FA26-4541-9DE7-3FB9E7135EB8}.Debug|x64.Build.0 = Debug|x64
		{47262F69-FA26-4541-9DE7-3FB9E7135EB8}.Debug|x86.ActiveCfg = Debug|Any CPU
		{47262F69-FA26-4541-9DE7-3FB9E7135EB8}.Release|Any CPU.ActiveCfg = Release|Any CPU
		{47262F69-FA26-4541-9DE7-3FB9E7135EB8}.Release|Any CPU.Build.0 = Release|Any CPU
		{47262F69-FA26-4541-9DE7-3FB9E7135EB8}.Release|Mixed Platforms.ActiveCfg = Release|Any CPU
		{47262F69-FA26-4541-9DE7-3FB9E7135EB8}.Release|Mixed Platforms.Build.0 = Release|Any CPU
		{47262F69-FA26-4541-9DE7-3FB9E7135EB8}.Release|Win32.ActiveCfg = Release|Any CPU
		{47262F69-FA26-4541-9DE7-3FB9E7135EB8}.Release|x64.ActiveCfg = Release|x64
		{47262F69-FA26-4541-9DE7-3FB9E7135EB8}.Release|x64.Build.0 = Release|x64
		{47262F69-FA26-4541-9DE7-3FB9E7135EB8}.Release|x86.ActiveCfg = Release|Any CPU
		{419A856A-0441-4DC5-8235-290172F7FDD8}.Debug|Any CPU.ActiveCfg = Debug|Any CPU
		{419A856A-0441-4DC5-8235-290172F7FDD8}.Debug|Any CPU.Build.0 = Debug|Any CPU
		{419A856A-0441-4DC5-8235-290172F7FDD8}.Debug|Mixed Platforms.ActiveCfg = Debug|Any CPU
		{419A856A-0441-4DC5-8235-290172F7FDD8}.Debug|Mixed Platforms.Build.0 = Debug|Any CPU
		{419A856A-0441-4DC5-8235-290172F7FDD8}.Debug|Win32.ActiveCfg = Debug|Any CPU
		{419A856A-0441-4DC5-8235-290172F7FDD8}.Debug|x64.ActiveCfg = Debug|x64
		{419A856A-0441-4DC5-8235-290172F7FDD8}.Debug|x64.Build.0 = Debug|x64
		{419A856A-0441-4DC5-8235-290172F7FDD8}.Debug|x86.ActiveCfg = Debug|Any CPU
		{419A856A-0441-4DC5-8235-290172F7FDD8}.Release|Any CPU.ActiveCfg = Release|Any CPU
		{419A856A-0441-4DC5-8235-290172F7FDD8}.Release|Any CPU.Build.0 = Release|Any CPU
		{419A856A-0441-4DC5-8235-290172F7FDD8}.Release|Mixed Platforms.ActiveCfg = Release|Any CPU
		{419A856A-0441-4DC5-8235-290172F7FDD8}.Release|Mixed Platforms.Build.0 = Release|Any CPU
		{419A856A-0441-4DC5-8235-290172F7FDD8}.Release|Win32.ActiveCfg = Release|Any CPU
		{419A856A-0441-4DC5-8235-290172F7FDD8}.Release|x64.ActiveCfg = Release|x64
		{419A856A-0441-4DC5-8235-290172F7FDD8}.Release|x64.Build.0 = Release|x64
		{419A856A-0441-4DC5-8235-290172F7FDD8}.Release|x86.ActiveCfg = Release|Any CPU
		{91642B1B-38E6-402A-BFD0-5874F47446EE}.Debug|Any CPU.ActiveCfg = Debug|Any CPU
		{91642B1B-38E6-402A-BFD0-5874F47446EE}.Debug|Any CPU.Build.0 = Debug|Any CPU
		{91642B1B-38E6-402A-BFD0-5874F47446EE}.Debug|Mixed Platforms.ActiveCfg = Debug|Any CPU
		{91642B1B-38E6-402A-BFD0-5874F47446EE}.Debug|Mixed Platforms.Build.0 = Debug|Any CPU
		{91642B1B-38E6-402A-BFD0-5874F47446EE}.Debug|Win32.ActiveCfg = Debug|Any CPU
		{91642B1B-38E6-402A-BFD0-5874F47446EE}.Debug|x64.ActiveCfg = Debug|x64
		{91642B1B-38E6-402A-BFD0-5874F47446EE}.Debug|x64.Build.0 = Debug|x64
		{91642B1B-38E6-402A-BFD0-5874F47446EE}.Debug|x86.ActiveCfg = Debug|Any CPU
		{91642B1B-38E6-402A-BFD0-5874F47446EE}.Release|Any CPU.ActiveCfg = Release|Any CPU
		{91642B1B-38E6-402A-BFD0-5874F47446EE}.Release|Any CPU.Build.0 = Release|Any CPU
		{91642B1B-38E6-402A-BFD0-5874F47446EE}.Release|Mixed Platforms.ActiveCfg = Release|Any CPU
		{91642B1B-38E6-402A-BFD0-5874F47446EE}.Release|Mixed Platforms.Build.0 = Release|Any CPU
		{91642B1B-38E6-402A-BFD0-5874F47446EE}.Release|Win32.ActiveCfg = Release|Any CPU
		{91642B1B-38E6-402A-BFD0-5874F47446EE}.Release|x64.ActiveCfg = Release|x64
		{91642B1B-38E6-402A-BFD0-5874F47446EE}.Release|x64.Build.0 = Release|x64
		{91642B1B-38E6-402A-BFD0-5874F47446EE}.Release|x86.ActiveCfg = Release|Any CPU
		{9D53CCB9-CB14-43CE-BEAD-D3DC16757076}.Debug|Any CPU.ActiveCfg = Debug|Any CPU
		{9D53CCB9-CB14-43CE-BEAD-D3DC16757076}.Debug|Any CPU.Build.0 = Debug|Any CPU
		{9D53CCB9-CB14-43CE-BEAD-D3DC16757076}.Debug|Mixed Platforms.ActiveCfg = Debug|Any CPU
		{9D53CCB9-CB14-43CE-BEAD-D3DC16757076}.Debug|Mixed Platforms.Build.0 = Debug|Any CPU
		{9D53CCB9-CB14-43CE-BEAD-D3DC16757076}.Debug|Win32.ActiveCfg = Debug|Any CPU
		{9D53CCB9-CB14-43CE-BEAD-D3DC16757076}.Debug|x64.ActiveCfg = Debug|x64
		{9D53CCB9-CB14-43CE-BEAD-D3DC16757076}.Debug|x64.Build.0 = Debug|x64
		{9D53CCB9-CB14-43CE-BEAD-D3DC16757076}.Debug|x86.ActiveCfg = Debug|Any CPU
		{9D53CCB9-CB14-43CE-BEAD-D3DC16757076}.Release|Any CPU.ActiveCfg = Release|Any CPU
		{9D53CCB9-CB14-43CE-BEAD-D3DC16757076}.Release|Any CPU.Build.0 = Release|Any CPU
		{9D53CCB9-CB14-43CE-BEAD-D3DC16757076}.Release|Mixed Platforms.ActiveCfg = Release|Any CPU
		{9D53CCB9-CB14-43CE-BEAD-D3DC16757076}.Release|Mixed Platforms.Build.0 = Release|Any CPU
		{9D53CCB9-CB14-43CE-BEAD-D3DC16757076}.Release|Win32.ActiveCfg = Release|Any CPU
		{9D53CCB9-CB14-43CE-BEAD-D3DC16757076}.Release|x64.ActiveCfg = Release|x64
		{9D53CCB9-CB14-43CE-BEAD-D3DC16757076}.Release|x64.Build.0 = Release|x64
		{9D53CCB9-CB14-43CE-BEAD-D3DC16757076}.Release|x86.ActiveCfg = Release|Any CPU
		{8710C054-7A7E-454C-BE1D-CD373580A2CE}.Debug|Any CPU.ActiveCfg = Debug|Any CPU
		{8710C054-7A7E-454C-BE1D-CD373580A2CE}.Debug|Any CPU.Build.0 = Debug|Any CPU
		{8710C054-7A7E-454C-BE1D-CD373580A2CE}.Debug|Mixed Platforms.ActiveCfg = Debug|Any CPU
		{8710C054-7A7E-454C-BE1D-CD373580A2CE}.Debug|Mixed Platforms.Build.0 = Debug|Any CPU
		{8710C054-7A7E-454C-BE1D-CD373580A2CE}.Debug|Win32.ActiveCfg = Debug|Any CPU
		{8710C054-7A7E-454C-BE1D-CD373580A2CE}.Debug|x64.ActiveCfg = Debug|x64
		{8710C054-7A7E-454C-BE1D-CD373580A2CE}.Debug|x64.Build.0 = Debug|x64
		{8710C054-7A7E-454C-BE1D-CD373580A2CE}.Debug|x86.ActiveCfg = Debug|Any CPU
		{8710C054-7A7E-454C-BE1D-CD373580A2CE}.Release|Any CPU.ActiveCfg = Release|Any CPU
		{8710C054-7A7E-454C-BE1D-CD373580A2CE}.Release|Any CPU.Build.0 = Release|Any CPU
		{8710C054-7A7E-454C-BE1D-CD373580A2CE}.Release|Mixed Platforms.ActiveCfg = Release|Any CPU
		{8710C054-7A7E-454C-BE1D-CD373580A2CE}.Release|Mixed Platforms.Build.0 = Release|Any CPU
		{8710C054-7A7E-454C-BE1D-CD373580A2CE}.Release|Win32.ActiveCfg = Release|Any CPU
		{8710C054-7A7E-454C-BE1D-CD373580A2CE}.Release|x64.ActiveCfg = Release|x64
		{8710C054-7A7E-454C-BE1D-CD373580A2CE}.Release|x64.Build.0 = Release|x64
		{8710C054-7A7E-454C-BE1D-CD373580A2CE}.Release|x86.ActiveCfg = Release|Any CPU
		{20EC6B81-0747-4659-B07F-EA9B21985A30}.Debug|Any CPU.ActiveCfg = Debug|Any CPU
		{20EC6B81-0747-4659-B07F-EA9B21985A30}.Debug|Any CPU.Build.0 = Debug|Any CPU
		{20EC6B81-0747-4659-B07F-EA9B21985A30}.Debug|Mixed Platforms.ActiveCfg = Debug|Any CPU
		{20EC6B81-0747-4659-B07F-EA9B21985A30}.Debug|Mixed Platforms.Build.0 = Debug|Any CPU
		{20EC6B81-0747-4659-B07F-EA9B21985A30}.Debug|Win32.ActiveCfg = Debug|Any CPU
		{20EC6B81-0747-4659-B07F-EA9B21985A30}.Debug|x64.ActiveCfg = Debug|x64
		{20EC6B81-0747-4659-B07F-EA9B21985A30}.Debug|x64.Build.0 = Debug|x64
		{20EC6B81-0747-4659-B07F-EA9B21985A30}.Debug|x86.ActiveCfg = Debug|Any CPU
		{20EC6B81-0747-4659-B07F-EA9B21985A30}.Release|Any CPU.ActiveCfg = Release|Any CPU
		{20EC6B81-0747-4659-B07F-EA9B21985A30}.Release|Any CPU.Build.0 = Release|Any CPU
		{20EC6B81-0747-4659-B07F-EA9B21985A30}.Release|Mixed Platforms.ActiveCfg = Release|Any CPU
		{20EC6B81-0747-4659-B07F-EA9B21985A30}.Release|Mixed Platforms.Build.0 = Release|Any CPU
		{20EC6B81-0747-4659-B07F-EA9B21985A30}.Release|Win32.ActiveCfg = Release|Any CPU
		{20EC6B81-0747-4659-B07F-EA9B21985A30}.Release|x64.ActiveCfg = Release|x64
		{20EC6B81-0747-4659-B07F-EA9B21985A30}.Release|x64.Build.0 = Release|x64
		{20EC6B81-0747-4659-B07F-EA9B21985A30}.Release|x86.ActiveCfg = Release|Any CPU
		{2A009A4F-48E6-43F0-9F1D-2F751A9A2645}.Debug|Any CPU.ActiveCfg = Debug|Any CPU
		{2A009A4F-48E6-43F0-9F1D-2F751A9A2645}.Debug|Any CPU.Build.0 = Debug|Any CPU
		{2A009A4F-48E6-43F0-9F1D-2F751A9A2645}.Debug|Mixed Platforms.ActiveCfg = Debug|Any CPU
		{2A009A4F-48E6-43F0-9F1D-2F751A9A2645}.Debug|Mixed Platforms.Build.0 = Debug|Any CPU
		{2A009A4F-48E6-43F0-9F1D-2F751A9A2645}.Debug|Win32.ActiveCfg = Debug|Any CPU
		{2A009A4F-48E6-43F0-9F1D-2F751A9A2645}.Debug|x64.ActiveCfg = Debug|x64
		{2A009A4F-48E6-43F0-9F1D-2F751A9A2645}.Debug|x64.Build.0 = Debug|x64
		{2A009A4F-48E6-43F0-9F1D-2F751A9A2645}.Debug|x86.ActiveCfg = Debug|Any CPU
		{2A009A4F-48E6-43F0-9F1D-2F751A9A2645}.Release|Any CPU.ActiveCfg = Release|Any CPU
		{2A009A4F-48E6-43F0-9F1D-2F751A9A2645}.Release|Any CPU.Build.0 = Release|Any CPU
		{2A009A4F-48E6-43F0-9F1D-2F751A9A2645}.Release|Mixed Platforms.ActiveCfg = Release|Any CPU
		{2A009A4F-48E6-43F0-9F1D-2F751A9A2645}.Release|Mixed Platforms.Build.0 = Release|Any CPU
		{2A009A4F-48E6-43F0-9F1D-2F751A9A2645}.Release|Win32.ActiveCfg = Release|Any CPU
		{2A009A4F-48E6-43F0-9F1D-2F751A9A2645}.Release|x64.ActiveCfg = Release|x64
		{2A009A4F-48E6-43F0-9F1D-2F751A9A2645}.Release|x64.Build.0 = Release|x64
		{2A009A4F-48E6-43F0-9F1D-2F751A9A2645}.Release|x86.ActiveCfg = Release|Any CPU
		{B7DD2BD7-1C8F-4509-A871-D8BF21E48991}.Debug|Any CPU.ActiveCfg = Debug|Any CPU
		{B7DD2BD7-1C8F-4509-A871-D8BF21E48991}.Debug|Any CPU.Build.0 = Debug|Any CPU
		{B7DD2BD7-1C8F-4509-A871-D8BF21E48991}.Debug|Mixed Platforms.ActiveCfg = Debug|Any CPU
		{B7DD2BD7-1C8F-4509-A871-D8BF21E48991}.Debug|Mixed Platforms.Build.0 = Debug|Any CPU
		{B7DD2BD7-1C8F-4509-A871-D8BF21E48991}.Debug|Win32.ActiveCfg = Debug|Any CPU
		{B7DD2BD7-1C8F-4509-A871-D8BF21E48991}.Debug|x64.ActiveCfg = Debug|x64
		{B7DD2BD7-1C8F-4509-A871-D8BF21E48991}.Debug|x64.Build.0 = Debug|x64
		{B7DD2BD7-1C8F-4509-A871-D8BF21E48991}.Debug|x86.ActiveCfg = Debug|Any CPU
		{B7DD2BD7-1C8F-4509-A871-D8BF21E48991}.Release|Any CPU.ActiveCfg = Release|Any CPU
		{B7DD2BD7-1C8F-4509-A871-D8BF21E48991}.Release|Any CPU.Build.0 = Release|Any CPU
		{B7DD2BD7-1C8F-4509-A871-D8BF21E48991}.Release|Mixed Platforms.ActiveCfg = Release|Any CPU
		{B7DD2BD7-1C8F-4509-A871-D8BF21E48991}.Release|Mixed Platforms.Build.0 = Release|Any CPU
		{B7DD2BD7-1C8F-4509-A871-D8BF21E48991}.Release|Win32.ActiveCfg = Release|Any CPU
		{B7DD2BD7-1C8F-4509-A871-D8BF21E48991}.Release|x64.ActiveCfg = Release|x64
		{B7DD2BD7-1C8F-4509-A871-D8BF21E48991}.Release|x64.Build.0 = Release|x64
		{B7DD2BD7-1C8F-4509-A871-D8BF21E48991}.Release|x86.ActiveCfg = Release|Any CPU
		{F476C75B-3F27-4983-95B6-641DAD5AD8FD}.Debug|Any CPU.ActiveCfg = Debug|Any CPU
		{F476C75B-3F27-4983-95B6-641DAD5AD8FD}.Debug|Any CPU.Build.0 = Debug|Any CPU
		{F476C75B-3F27-4983-95B6-641DAD5AD8FD}.Debug|Mixed Platforms.ActiveCfg = Debug|Any CPU
		{F476C75B-3F27-4983-95B6-641DAD5AD8FD}.Debug|Mixed Platforms.Build.0 = Debug|Any CPU
		{F476C75B-3F27-4983-95B6-641DAD5AD8FD}.Debug|Win32.ActiveCfg = Debug|Any CPU
		{F476C75B-3F27-4983-95B6-641DAD5AD8FD}.Debug|x64.ActiveCfg = Debug|x64
		{F476C75B-3F27-4983-95B6-641DAD5AD8FD}.Debug|x64.Build.0 = Debug|x64
		{F476C75B-3F27-4983-95B6-641DAD5AD8FD}.Debug|x86.ActiveCfg = Debug|Any CPU
		{F476C75B-3F27-4983-95B6-641DAD5AD8FD}.Release|Any CPU.ActiveCfg = Release|Any CPU
		{F476C75B-3F27-4983-95B6-641DAD5AD8FD}.Release|Any CPU.Build.0 = Release|Any CPU
		{F476C75B-3F27-4983-95B6-641DAD5AD8FD}.Release|Mixed Platforms.ActiveCfg = Release|Any CPU
		{F476C75B-3F27-4983-95B6-641DAD5AD8FD}.Release|Mixed Platforms.Build.0 = Release|Any CPU
		{F476C75B-3F27-4983-95B6-641DAD5AD8FD}.Release|Win32.ActiveCfg = Release|Any CPU
		{F476C75B-3F27-4983-95B6-641DAD5AD8FD}.Release|x64.ActiveCfg = Release|x64
		{F476C75B-3F27-4983-95B6-641DAD5AD8FD}.Release|x64.Build.0 = Release|x64
		{F476C75B-3F27-4983-95B6-641DAD5AD8FD}.Release|x86.ActiveCfg = Release|Any CPU
		{0ECF0B34-295E-4DAE-8C1F-AC560D16E076}.Debug|Any CPU.ActiveCfg = Debug|Any CPU
		{0ECF0B34-295E-4DAE-8C1F-AC560D16E076}.Debug|Any CPU.Build.0 = Debug|Any CPU
		{0ECF0B34-295E-4DAE-8C1F-AC560D16E076}.Debug|Mixed Platforms.ActiveCfg = Debug|Any CPU
		{0ECF0B34-295E-4DAE-8C1F-AC560D16E076}.Debug|Mixed Platforms.Build.0 = Debug|Any CPU
		{0ECF0B34-295E-4DAE-8C1F-AC560D16E076}.Debug|Win32.ActiveCfg = Debug|Any CPU
		{0ECF0B34-295E-4DAE-8C1F-AC560D16E076}.Debug|x64.ActiveCfg = Debug|x64
		{0ECF0B34-295E-4DAE-8C1F-AC560D16E076}.Debug|x64.Build.0 = Debug|x64
		{0ECF0B34-295E-4DAE-8C1F-AC560D16E076}.Debug|x86.ActiveCfg = Debug|Any CPU
		{0ECF0B34-295E-4DAE-8C1F-AC560D16E076}.Release|Any CPU.ActiveCfg = Release|Any CPU
		{0ECF0B34-295E-4DAE-8C1F-AC560D16E076}.Release|Any CPU.Build.0 = Release|Any CPU
		{0ECF0B34-295E-4DAE-8C1F-AC560D16E076}.Release|Mixed Platforms.ActiveCfg = Release|Any CPU
		{0ECF0B34-295E-4DAE-8C1F-AC560D16E076}.Release|Mixed Platforms.Build.0 = Release|Any CPU
		{0ECF0B34-295E-4DAE-8C1F-AC560D16E076}.Release|Win32.ActiveCfg = Release|Any CPU
		{0ECF0B34-295E-4DAE-8C1F-AC560D16E076}.Release|x64.ActiveCfg = Release|x64
		{0ECF0B34-295E-4DAE-8C1F-AC560D16E076}.Release|x64.Build.0 = Release|x64
		{0ECF0B34-295E-4DAE-8C1F-AC560D16E076}.Release|x86.ActiveCfg = Release|Any CPU
		{37599C55-E14E-425A-B8D8-F68FE14682E1}.Debug|Any CPU.ActiveCfg = Debug|Any CPU
		{37599C55-E14E-425A-B8D8-F68FE14682E1}.Debug|Any CPU.Build.0 = Debug|Any CPU
		{37599C55-E14E-425A-B8D8-F68FE14682E1}.Debug|Mixed Platforms.ActiveCfg = Debug|Any CPU
		{37599C55-E14E-425A-B8D8-F68FE14682E1}.Debug|Mixed Platforms.Build.0 = Debug|Any CPU
		{37599C55-E14E-425A-B8D8-F68FE14682E1}.Debug|Win32.ActiveCfg = Debug|Any CPU
		{37599C55-E14E-425A-B8D8-F68FE14682E1}.Debug|x64.ActiveCfg = Debug|x64
		{37599C55-E14E-425A-B8D8-F68FE14682E1}.Debug|x64.Build.0 = Debug|x64
		{37599C55-E14E-425A-B8D8-F68FE14682E1}.Debug|x86.ActiveCfg = Debug|Any CPU
		{37599C55-E14E-425A-B8D8-F68FE14682E1}.Release|Any CPU.ActiveCfg = Release|Any CPU
		{37599C55-E14E-425A-B8D8-F68FE14682E1}.Release|Any CPU.Build.0 = Release|Any CPU
		{37599C55-E14E-425A-B8D8-F68FE14682E1}.Release|Mixed Platforms.ActiveCfg = Release|Any CPU
		{37599C55-E14E-425A-B8D8-F68FE14682E1}.Release|Mixed Platforms.Build.0 = Release|Any CPU
		{37599C55-E14E-425A-B8D8-F68FE14682E1}.Release|Win32.ActiveCfg = Release|Any CPU
		{37599C55-E14E-425A-B8D8-F68FE14682E1}.Release|x64.ActiveCfg = Release|x64
		{37599C55-E14E-425A-B8D8-F68FE14682E1}.Release|x64.Build.0 = Release|x64
		{37599C55-E14E-425A-B8D8-F68FE14682E1}.Release|x86.ActiveCfg = Release|Any CPU
		{975054BC-3216-4504-99C1-2B0529B3716C}.Debug|Any CPU.ActiveCfg = Debug|x86
		{975054BC-3216-4504-99C1-2B0529B3716C}.Debug|Mixed Platforms.ActiveCfg = Debug|x64
		{975054BC-3216-4504-99C1-2B0529B3716C}.Debug|Mixed Platforms.Build.0 = Debug|x64
		{975054BC-3216-4504-99C1-2B0529B3716C}.Debug|Win32.ActiveCfg = Debug|x86
		{975054BC-3216-4504-99C1-2B0529B3716C}.Debug|x64.ActiveCfg = Debug|x64
		{975054BC-3216-4504-99C1-2B0529B3716C}.Debug|x64.Build.0 = Debug|x64
		{975054BC-3216-4504-99C1-2B0529B3716C}.Debug|x86.ActiveCfg = Debug|x86
		{975054BC-3216-4504-99C1-2B0529B3716C}.Debug|x86.Build.0 = Debug|x86
		{975054BC-3216-4504-99C1-2B0529B3716C}.Release|Any CPU.ActiveCfg = Release|x86
		{975054BC-3216-4504-99C1-2B0529B3716C}.Release|Mixed Platforms.ActiveCfg = Release|x86
		{975054BC-3216-4504-99C1-2B0529B3716C}.Release|Mixed Platforms.Build.0 = Release|x86
		{975054BC-3216-4504-99C1-2B0529B3716C}.Release|Win32.ActiveCfg = Release|x86
		{975054BC-3216-4504-99C1-2B0529B3716C}.Release|x64.ActiveCfg = Release|x64
		{975054BC-3216-4504-99C1-2B0529B3716C}.Release|x64.Build.0 = Release|x64
		{975054BC-3216-4504-99C1-2B0529B3716C}.Release|x86.ActiveCfg = Release|x86
		{975054BC-3216-4504-99C1-2B0529B3716C}.Release|x86.Build.0 = Release|x86
		{F6718847-DA31-4E8D-B8E9-DD07F58B72E7}.Debug|Any CPU.ActiveCfg = Debug|Any CPU
		{F6718847-DA31-4E8D-B8E9-DD07F58B72E7}.Debug|Any CPU.Build.0 = Debug|Any CPU
		{F6718847-DA31-4E8D-B8E9-DD07F58B72E7}.Debug|Mixed Platforms.ActiveCfg = Debug|x64
		{F6718847-DA31-4E8D-B8E9-DD07F58B72E7}.Debug|Mixed Platforms.Build.0 = Debug|x64
		{F6718847-DA31-4E8D-B8E9-DD07F58B72E7}.Debug|Win32.ActiveCfg = Debug|Any CPU
		{F6718847-DA31-4E8D-B8E9-DD07F58B72E7}.Debug|x64.ActiveCfg = Debug|x64
		{F6718847-DA31-4E8D-B8E9-DD07F58B72E7}.Debug|x64.Build.0 = Debug|x64
		{F6718847-DA31-4E8D-B8E9-DD07F58B72E7}.Debug|x86.ActiveCfg = Debug|Any CPU
		{F6718847-DA31-4E8D-B8E9-DD07F58B72E7}.Release|Any CPU.ActiveCfg = Release|Any CPU
		{F6718847-DA31-4E8D-B8E9-DD07F58B72E7}.Release|Any CPU.Build.0 = Release|Any CPU
		{F6718847-DA31-4E8D-B8E9-DD07F58B72E7}.Release|Mixed Platforms.ActiveCfg = Release|Any CPU
		{F6718847-DA31-4E8D-B8E9-DD07F58B72E7}.Release|Mixed Platforms.Build.0 = Release|Any CPU
		{F6718847-DA31-4E8D-B8E9-DD07F58B72E7}.Release|Win32.ActiveCfg = Release|Any CPU
		{F6718847-DA31-4E8D-B8E9-DD07F58B72E7}.Release|x64.ActiveCfg = Release|x64
		{F6718847-DA31-4E8D-B8E9-DD07F58B72E7}.Release|x64.Build.0 = Release|x64
		{F6718847-DA31-4E8D-B8E9-DD07F58B72E7}.Release|x86.ActiveCfg = Release|Any CPU
		{0C392502-69E2-4E54-AA9D-9F455DF414D8}.Debug|Any CPU.ActiveCfg = Debug|Any CPU
		{0C392502-69E2-4E54-AA9D-9F455DF414D8}.Debug|Any CPU.Build.0 = Debug|Any CPU
		{0C392502-69E2-4E54-AA9D-9F455DF414D8}.Debug|Mixed Platforms.ActiveCfg = Debug|Any CPU
		{0C392502-69E2-4E54-AA9D-9F455DF414D8}.Debug|Mixed Platforms.Build.0 = Debug|Any CPU
		{0C392502-69E2-4E54-AA9D-9F455DF414D8}.Debug|Win32.ActiveCfg = Debug|Any CPU
		{0C392502-69E2-4E54-AA9D-9F455DF414D8}.Debug|x64.ActiveCfg = Debug|x64
		{0C392502-69E2-4E54-AA9D-9F455DF414D8}.Debug|x64.Build.0 = Debug|x64
		{0C392502-69E2-4E54-AA9D-9F455DF414D8}.Debug|x86.ActiveCfg = Debug|Any CPU
		{0C392502-69E2-4E54-AA9D-9F455DF414D8}.Release|Any CPU.ActiveCfg = Release|Any CPU
		{0C392502-69E2-4E54-AA9D-9F455DF414D8}.Release|Any CPU.Build.0 = Release|Any CPU
		{0C392502-69E2-4E54-AA9D-9F455DF414D8}.Release|Mixed Platforms.ActiveCfg = Release|Any CPU
		{0C392502-69E2-4E54-AA9D-9F455DF414D8}.Release|Mixed Platforms.Build.0 = Release|Any CPU
		{0C392502-69E2-4E54-AA9D-9F455DF414D8}.Release|Win32.ActiveCfg = Release|Any CPU
		{0C392502-69E2-4E54-AA9D-9F455DF414D8}.Release|x64.ActiveCfg = Release|x64
		{0C392502-69E2-4E54-AA9D-9F455DF414D8}.Release|x64.Build.0 = Release|x64
		{0C392502-69E2-4E54-AA9D-9F455DF414D8}.Release|x86.ActiveCfg = Release|Any CPU
		{289E14A3-5E0B-4879-8380-A19914E1D0CB}.Debug|Any CPU.ActiveCfg = Debug|Any CPU
		{289E14A3-5E0B-4879-8380-A19914E1D0CB}.Debug|Any CPU.Build.0 = Debug|Any CPU
		{289E14A3-5E0B-4879-8380-A19914E1D0CB}.Debug|Mixed Platforms.ActiveCfg = Debug|Any CPU
		{289E14A3-5E0B-4879-8380-A19914E1D0CB}.Debug|Mixed Platforms.Build.0 = Debug|Any CPU
		{289E14A3-5E0B-4879-8380-A19914E1D0CB}.Debug|Win32.ActiveCfg = Debug|Any CPU
		{289E14A3-5E0B-4879-8380-A19914E1D0CB}.Debug|x64.ActiveCfg = Debug|x64
		{289E14A3-5E0B-4879-8380-A19914E1D0CB}.Debug|x64.Build.0 = Debug|x64
		{289E14A3-5E0B-4879-8380-A19914E1D0CB}.Debug|x86.ActiveCfg = Debug|Any CPU
		{289E14A3-5E0B-4879-8380-A19914E1D0CB}.Release|Any CPU.ActiveCfg = Release|Any CPU
		{289E14A3-5E0B-4879-8380-A19914E1D0CB}.Release|Any CPU.Build.0 = Release|Any CPU
		{289E14A3-5E0B-4879-8380-A19914E1D0CB}.Release|Mixed Platforms.ActiveCfg = Release|Any CPU
		{289E14A3-5E0B-4879-8380-A19914E1D0CB}.Release|Mixed Platforms.Build.0 = Release|Any CPU
		{289E14A3-5E0B-4879-8380-A19914E1D0CB}.Release|Win32.ActiveCfg = Release|Any CPU
		{289E14A3-5E0B-4879-8380-A19914E1D0CB}.Release|x64.ActiveCfg = Release|x64
		{289E14A3-5E0B-4879-8380-A19914E1D0CB}.Release|x64.Build.0 = Release|x64
		{289E14A3-5E0B-4879-8380-A19914E1D0CB}.Release|x86.ActiveCfg = Release|Any CPU
		{EDAD1EC0-A594-4094-BAD6-8495F0B3BE98}.Debug|Any CPU.ActiveCfg = Debug|Any CPU
		{EDAD1EC0-A594-4094-BAD6-8495F0B3BE98}.Debug|Any CPU.Build.0 = Debug|Any CPU
		{EDAD1EC0-A594-4094-BAD6-8495F0B3BE98}.Debug|Mixed Platforms.ActiveCfg = Debug|Any CPU
		{EDAD1EC0-A594-4094-BAD6-8495F0B3BE98}.Debug|Mixed Platforms.Build.0 = Debug|Any CPU
		{EDAD1EC0-A594-4094-BAD6-8495F0B3BE98}.Debug|Win32.ActiveCfg = Debug|Any CPU
		{EDAD1EC0-A594-4094-BAD6-8495F0B3BE98}.Debug|x64.ActiveCfg = Debug|x64
		{EDAD1EC0-A594-4094-BAD6-8495F0B3BE98}.Debug|x64.Build.0 = Debug|x64
		{EDAD1EC0-A594-4094-BAD6-8495F0B3BE98}.Debug|x86.ActiveCfg = Debug|Any CPU
		{EDAD1EC0-A594-4094-BAD6-8495F0B3BE98}.Release|Any CPU.ActiveCfg = Release|Any CPU
		{EDAD1EC0-A594-4094-BAD6-8495F0B3BE98}.Release|Any CPU.Build.0 = Release|Any CPU
		{EDAD1EC0-A594-4094-BAD6-8495F0B3BE98}.Release|Mixed Platforms.ActiveCfg = Release|Any CPU
		{EDAD1EC0-A594-4094-BAD6-8495F0B3BE98}.Release|Mixed Platforms.Build.0 = Release|Any CPU
		{EDAD1EC0-A594-4094-BAD6-8495F0B3BE98}.Release|Win32.ActiveCfg = Release|Any CPU
		{EDAD1EC0-A594-4094-BAD6-8495F0B3BE98}.Release|x64.ActiveCfg = Release|x64
		{EDAD1EC0-A594-4094-BAD6-8495F0B3BE98}.Release|x64.Build.0 = Release|x64
		{EDAD1EC0-A594-4094-BAD6-8495F0B3BE98}.Release|x86.ActiveCfg = Release|Any CPU
		{98C27A5A-86DD-4261-9F7F-1C719F6B03C1}.Debug|Any CPU.ActiveCfg = Debug|Any CPU
		{98C27A5A-86DD-4261-9F7F-1C719F6B03C1}.Debug|Any CPU.Build.0 = Debug|Any CPU
		{98C27A5A-86DD-4261-9F7F-1C719F6B03C1}.Debug|Mixed Platforms.ActiveCfg = Debug|Any CPU
		{98C27A5A-86DD-4261-9F7F-1C719F6B03C1}.Debug|Mixed Platforms.Build.0 = Debug|Any CPU
		{98C27A5A-86DD-4261-9F7F-1C719F6B03C1}.Debug|Win32.ActiveCfg = Debug|Any CPU
		{98C27A5A-86DD-4261-9F7F-1C719F6B03C1}.Debug|x64.ActiveCfg = Debug|x64
		{98C27A5A-86DD-4261-9F7F-1C719F6B03C1}.Debug|x64.Build.0 = Debug|x64
		{98C27A5A-86DD-4261-9F7F-1C719F6B03C1}.Debug|x86.ActiveCfg = Debug|Any CPU
		{98C27A5A-86DD-4261-9F7F-1C719F6B03C1}.Release|Any CPU.ActiveCfg = Release|Any CPU
		{98C27A5A-86DD-4261-9F7F-1C719F6B03C1}.Release|Any CPU.Build.0 = Release|Any CPU
		{98C27A5A-86DD-4261-9F7F-1C719F6B03C1}.Release|Mixed Platforms.ActiveCfg = Release|Any CPU
		{98C27A5A-86DD-4261-9F7F-1C719F6B03C1}.Release|Mixed Platforms.Build.0 = Release|Any CPU
		{98C27A5A-86DD-4261-9F7F-1C719F6B03C1}.Release|Win32.ActiveCfg = Release|Any CPU
		{98C27A5A-86DD-4261-9F7F-1C719F6B03C1}.Release|x64.ActiveCfg = Release|x64
		{98C27A5A-86DD-4261-9F7F-1C719F6B03C1}.Release|x64.Build.0 = Release|x64
		{98C27A5A-86DD-4261-9F7F-1C719F6B03C1}.Release|x86.ActiveCfg = Release|Any CPU
		{9793DE91-27D9-41EA-8AC1-4A7F461675E8}.Debug|Any CPU.ActiveCfg = Debug|Any CPU
		{9793DE91-27D9-41EA-8AC1-4A7F461675E8}.Debug|Any CPU.Build.0 = Debug|Any CPU
		{9793DE91-27D9-41EA-8AC1-4A7F461675E8}.Debug|Mixed Platforms.ActiveCfg = Debug|Any CPU
		{9793DE91-27D9-41EA-8AC1-4A7F461675E8}.Debug|Mixed Platforms.Build.0 = Debug|Any CPU
		{9793DE91-27D9-41EA-8AC1-4A7F461675E8}.Debug|Win32.ActiveCfg = Debug|Any CPU
		{9793DE91-27D9-41EA-8AC1-4A7F461675E8}.Debug|x64.ActiveCfg = Debug|x64
		{9793DE91-27D9-41EA-8AC1-4A7F461675E8}.Debug|x64.Build.0 = Debug|x64
		{9793DE91-27D9-41EA-8AC1-4A7F461675E8}.Debug|x86.ActiveCfg = Debug|Any CPU
		{9793DE91-27D9-41EA-8AC1-4A7F461675E8}.Release|Any CPU.ActiveCfg = Release|Any CPU
		{9793DE91-27D9-41EA-8AC1-4A7F461675E8}.Release|Any CPU.Build.0 = Release|Any CPU
		{9793DE91-27D9-41EA-8AC1-4A7F461675E8}.Release|Mixed Platforms.ActiveCfg = Release|Any CPU
		{9793DE91-27D9-41EA-8AC1-4A7F461675E8}.Release|Mixed Platforms.Build.0 = Release|Any CPU
		{9793DE91-27D9-41EA-8AC1-4A7F461675E8}.Release|Win32.ActiveCfg = Release|Any CPU
		{9793DE91-27D9-41EA-8AC1-4A7F461675E8}.Release|x64.ActiveCfg = Release|x64
		{9793DE91-27D9-41EA-8AC1-4A7F461675E8}.Release|x64.Build.0 = Release|x64
		{9793DE91-27D9-41EA-8AC1-4A7F461675E8}.Release|x86.ActiveCfg = Release|Any CPU
		{91697FB8-B517-4AD8-B410-488B9C00E5C4}.Debug|Any CPU.ActiveCfg = Debug|x86
		{91697FB8-B517-4AD8-B410-488B9C00E5C4}.Debug|Mixed Platforms.ActiveCfg = Debug|x64
		{91697FB8-B517-4AD8-B410-488B9C00E5C4}.Debug|Mixed Platforms.Build.0 = Debug|x64
		{91697FB8-B517-4AD8-B410-488B9C00E5C4}.Debug|Win32.ActiveCfg = Debug|x86
		{91697FB8-B517-4AD8-B410-488B9C00E5C4}.Debug|Win32.Build.0 = Debug|x86
		{91697FB8-B517-4AD8-B410-488B9C00E5C4}.Debug|x64.ActiveCfg = Debug|x64
		{91697FB8-B517-4AD8-B410-488B9C00E5C4}.Debug|x64.Build.0 = Debug|x64
		{91697FB8-B517-4AD8-B410-488B9C00E5C4}.Debug|x86.ActiveCfg = Debug|x86
		{91697FB8-B517-4AD8-B410-488B9C00E5C4}.Debug|x86.Build.0 = Debug|x86
		{91697FB8-B517-4AD8-B410-488B9C00E5C4}.Release|Any CPU.ActiveCfg = Release|x86
		{91697FB8-B517-4AD8-B410-488B9C00E5C4}.Release|Mixed Platforms.ActiveCfg = Release|x86
		{91697FB8-B517-4AD8-B410-488B9C00E5C4}.Release|Mixed Platforms.Build.0 = Release|x86
		{91697FB8-B517-4AD8-B410-488B9C00E5C4}.Release|Win32.ActiveCfg = Release|x86
		{91697FB8-B517-4AD8-B410-488B9C00E5C4}.Release|Win32.Build.0 = Release|x86
		{91697FB8-B517-4AD8-B410-488B9C00E5C4}.Release|x64.ActiveCfg = Release|x64
		{91697FB8-B517-4AD8-B410-488B9C00E5C4}.Release|x64.Build.0 = Release|x64
		{91697FB8-B517-4AD8-B410-488B9C00E5C4}.Release|x86.ActiveCfg = Release|x86
		{91697FB8-B517-4AD8-B410-488B9C00E5C4}.Release|x86.Build.0 = Release|x86
		{A4A041B3-53EF-4E6B-8424-F5A1C9EC0D82}.Debug|Any CPU.ActiveCfg = Debug|Any CPU
		{A4A041B3-53EF-4E6B-8424-F5A1C9EC0D82}.Debug|Any CPU.Build.0 = Debug|Any CPU
		{A4A041B3-53EF-4E6B-8424-F5A1C9EC0D82}.Debug|Mixed Platforms.ActiveCfg = Debug|Any CPU
		{A4A041B3-53EF-4E6B-8424-F5A1C9EC0D82}.Debug|Mixed Platforms.Build.0 = Debug|Any CPU
		{A4A041B3-53EF-4E6B-8424-F5A1C9EC0D82}.Debug|Win32.ActiveCfg = Debug|Any CPU
		{A4A041B3-53EF-4E6B-8424-F5A1C9EC0D82}.Debug|x64.ActiveCfg = Debug|x64
		{A4A041B3-53EF-4E6B-8424-F5A1C9EC0D82}.Debug|x64.Build.0 = Debug|x64
		{A4A041B3-53EF-4E6B-8424-F5A1C9EC0D82}.Debug|x86.ActiveCfg = Debug|Any CPU
		{A4A041B3-53EF-4E6B-8424-F5A1C9EC0D82}.Release|Any CPU.ActiveCfg = Release|Any CPU
		{A4A041B3-53EF-4E6B-8424-F5A1C9EC0D82}.Release|Any CPU.Build.0 = Release|Any CPU
		{A4A041B3-53EF-4E6B-8424-F5A1C9EC0D82}.Release|Mixed Platforms.ActiveCfg = Release|Any CPU
		{A4A041B3-53EF-4E6B-8424-F5A1C9EC0D82}.Release|Mixed Platforms.Build.0 = Release|Any CPU
		{A4A041B3-53EF-4E6B-8424-F5A1C9EC0D82}.Release|Win32.ActiveCfg = Release|Any CPU
		{A4A041B3-53EF-4E6B-8424-F5A1C9EC0D82}.Release|x64.ActiveCfg = Release|x64
		{A4A041B3-53EF-4E6B-8424-F5A1C9EC0D82}.Release|x64.Build.0 = Release|x64
		{A4A041B3-53EF-4E6B-8424-F5A1C9EC0D82}.Release|x86.ActiveCfg = Release|Any CPU
		{1BF911F7-1DAB-4161-81A3-09A571186128}.Debug|Any CPU.ActiveCfg = Debug|Any CPU
		{1BF911F7-1DAB-4161-81A3-09A571186128}.Debug|Any CPU.Build.0 = Debug|Any CPU
		{1BF911F7-1DAB-4161-81A3-09A571186128}.Debug|Mixed Platforms.ActiveCfg = Debug|Any CPU
		{1BF911F7-1DAB-4161-81A3-09A571186128}.Debug|Mixed Platforms.Build.0 = Debug|Any CPU
		{1BF911F7-1DAB-4161-81A3-09A571186128}.Debug|Win32.ActiveCfg = Debug|Any CPU
		{1BF911F7-1DAB-4161-81A3-09A571186128}.Debug|x64.ActiveCfg = Debug|x64
		{1BF911F7-1DAB-4161-81A3-09A571186128}.Debug|x64.Build.0 = Debug|x64
		{1BF911F7-1DAB-4161-81A3-09A571186128}.Debug|x86.ActiveCfg = Debug|Any CPU
		{1BF911F7-1DAB-4161-81A3-09A571186128}.Release|Any CPU.ActiveCfg = Release|Any CPU
		{1BF911F7-1DAB-4161-81A3-09A571186128}.Release|Any CPU.Build.0 = Release|Any CPU
		{1BF911F7-1DAB-4161-81A3-09A571186128}.Release|Mixed Platforms.ActiveCfg = Release|Any CPU
		{1BF911F7-1DAB-4161-81A3-09A571186128}.Release|Mixed Platforms.Build.0 = Release|Any CPU
		{1BF911F7-1DAB-4161-81A3-09A571186128}.Release|Win32.ActiveCfg = Release|Any CPU
		{1BF911F7-1DAB-4161-81A3-09A571186128}.Release|x64.ActiveCfg = Release|x64
		{1BF911F7-1DAB-4161-81A3-09A571186128}.Release|x64.Build.0 = Release|x64
		{1BF911F7-1DAB-4161-81A3-09A571186128}.Release|x86.ActiveCfg = Release|Any CPU
		{50E4995A-A58B-4651-86D9-8196668D3DF1}.Debug|Any CPU.ActiveCfg = Debug|Any CPU
		{50E4995A-A58B-4651-86D9-8196668D3DF1}.Debug|Any CPU.Build.0 = Debug|Any CPU
		{50E4995A-A58B-4651-86D9-8196668D3DF1}.Debug|Mixed Platforms.ActiveCfg = Debug|Any CPU
		{50E4995A-A58B-4651-86D9-8196668D3DF1}.Debug|Mixed Platforms.Build.0 = Debug|Any CPU
		{50E4995A-A58B-4651-86D9-8196668D3DF1}.Debug|Win32.ActiveCfg = Debug|Any CPU
		{50E4995A-A58B-4651-86D9-8196668D3DF1}.Debug|x64.ActiveCfg = Debug|x64
		{50E4995A-A58B-4651-86D9-8196668D3DF1}.Debug|x64.Build.0 = Debug|x64
		{50E4995A-A58B-4651-86D9-8196668D3DF1}.Debug|x86.ActiveCfg = Debug|Any CPU
		{50E4995A-A58B-4651-86D9-8196668D3DF1}.Release|Any CPU.ActiveCfg = Release|Any CPU
		{50E4995A-A58B-4651-86D9-8196668D3DF1}.Release|Any CPU.Build.0 = Release|Any CPU
		{50E4995A-A58B-4651-86D9-8196668D3DF1}.Release|Mixed Platforms.ActiveCfg = Release|Any CPU
		{50E4995A-A58B-4651-86D9-8196668D3DF1}.Release|Mixed Platforms.Build.0 = Release|Any CPU
		{50E4995A-A58B-4651-86D9-8196668D3DF1}.Release|Win32.ActiveCfg = Release|Any CPU
		{50E4995A-A58B-4651-86D9-8196668D3DF1}.Release|x64.ActiveCfg = Release|x64
		{50E4995A-A58B-4651-86D9-8196668D3DF1}.Release|x64.Build.0 = Release|x64
		{50E4995A-A58B-4651-86D9-8196668D3DF1}.Release|x86.ActiveCfg = Release|Any CPU
		{711D48B6-582B-459E-9483-D7C91C5A15E7}.Debug|Any CPU.ActiveCfg = Debug|Any CPU
		{711D48B6-582B-459E-9483-D7C91C5A15E7}.Debug|Any CPU.Build.0 = Debug|Any CPU
		{711D48B6-582B-459E-9483-D7C91C5A15E7}.Debug|Mixed Platforms.ActiveCfg = Debug|Any CPU
		{711D48B6-582B-459E-9483-D7C91C5A15E7}.Debug|Mixed Platforms.Build.0 = Debug|Any CPU
		{711D48B6-582B-459E-9483-D7C91C5A15E7}.Debug|Win32.ActiveCfg = Debug|Any CPU
		{711D48B6-582B-459E-9483-D7C91C5A15E7}.Debug|x64.ActiveCfg = Debug|x64
		{711D48B6-582B-459E-9483-D7C91C5A15E7}.Debug|x64.Build.0 = Debug|x64
		{711D48B6-582B-459E-9483-D7C91C5A15E7}.Debug|x86.ActiveCfg = Debug|Any CPU
		{711D48B6-582B-459E-9483-D7C91C5A15E7}.Release|Any CPU.ActiveCfg = Release|Any CPU
		{711D48B6-582B-459E-9483-D7C91C5A15E7}.Release|Any CPU.Build.0 = Release|Any CPU
		{711D48B6-582B-459E-9483-D7C91C5A15E7}.Release|Mixed Platforms.ActiveCfg = Release|Any CPU
		{711D48B6-582B-459E-9483-D7C91C5A15E7}.Release|Mixed Platforms.Build.0 = Release|Any CPU
		{711D48B6-582B-459E-9483-D7C91C5A15E7}.Release|Win32.ActiveCfg = Release|Any CPU
		{711D48B6-582B-459E-9483-D7C91C5A15E7}.Release|x64.ActiveCfg = Release|x64
		{711D48B6-582B-459E-9483-D7C91C5A15E7}.Release|x64.Build.0 = Release|x64
		{711D48B6-582B-459E-9483-D7C91C5A15E7}.Release|x86.ActiveCfg = Release|Any CPU
		{07651934-00AA-4264-AD63-C18222C948D7}.Debug|Any CPU.ActiveCfg = Debug|Any CPU
		{07651934-00AA-4264-AD63-C18222C948D7}.Debug|Any CPU.Build.0 = Debug|Any CPU
		{07651934-00AA-4264-AD63-C18222C948D7}.Debug|Mixed Platforms.ActiveCfg = Debug|Any CPU
		{07651934-00AA-4264-AD63-C18222C948D7}.Debug|Mixed Platforms.Build.0 = Debug|Any CPU
		{07651934-00AA-4264-AD63-C18222C948D7}.Debug|Win32.ActiveCfg = Debug|Any CPU
		{07651934-00AA-4264-AD63-C18222C948D7}.Debug|x64.ActiveCfg = Debug|x64
		{07651934-00AA-4264-AD63-C18222C948D7}.Debug|x64.Build.0 = Debug|x64
		{07651934-00AA-4264-AD63-C18222C948D7}.Debug|x86.ActiveCfg = Debug|Any CPU
		{07651934-00AA-4264-AD63-C18222C948D7}.Release|Any CPU.ActiveCfg = Release|Any CPU
		{07651934-00AA-4264-AD63-C18222C948D7}.Release|Any CPU.Build.0 = Release|Any CPU
		{07651934-00AA-4264-AD63-C18222C948D7}.Release|Mixed Platforms.ActiveCfg = Release|Any CPU
		{07651934-00AA-4264-AD63-C18222C948D7}.Release|Mixed Platforms.Build.0 = Release|Any CPU
		{07651934-00AA-4264-AD63-C18222C948D7}.Release|Win32.ActiveCfg = Release|Any CPU
		{07651934-00AA-4264-AD63-C18222C948D7}.Release|x64.ActiveCfg = Release|x64
		{07651934-00AA-4264-AD63-C18222C948D7}.Release|x64.Build.0 = Release|x64
		{07651934-00AA-4264-AD63-C18222C948D7}.Release|x86.ActiveCfg = Release|Any CPU
		{EA1B143D-4AB3-4664-8D98-2690A29241A3}.Debug|Any CPU.ActiveCfg = Debug|Any CPU
		{EA1B143D-4AB3-4664-8D98-2690A29241A3}.Debug|Any CPU.Build.0 = Debug|Any CPU
		{EA1B143D-4AB3-4664-8D98-2690A29241A3}.Debug|Mixed Platforms.ActiveCfg = Debug|Any CPU
		{EA1B143D-4AB3-4664-8D98-2690A29241A3}.Debug|Mixed Platforms.Build.0 = Debug|Any CPU
		{EA1B143D-4AB3-4664-8D98-2690A29241A3}.Debug|Win32.ActiveCfg = Debug|Any CPU
		{EA1B143D-4AB3-4664-8D98-2690A29241A3}.Debug|x64.ActiveCfg = Debug|Any CPU
		{EA1B143D-4AB3-4664-8D98-2690A29241A3}.Debug|x64.Build.0 = Debug|Any CPU
		{EA1B143D-4AB3-4664-8D98-2690A29241A3}.Debug|x86.ActiveCfg = Debug|Any CPU
		{EA1B143D-4AB3-4664-8D98-2690A29241A3}.Release|Any CPU.ActiveCfg = Release|Any CPU
		{EA1B143D-4AB3-4664-8D98-2690A29241A3}.Release|Any CPU.Build.0 = Release|Any CPU
		{EA1B143D-4AB3-4664-8D98-2690A29241A3}.Release|Mixed Platforms.ActiveCfg = Release|Any CPU
		{EA1B143D-4AB3-4664-8D98-2690A29241A3}.Release|Mixed Platforms.Build.0 = Release|Any CPU
		{EA1B143D-4AB3-4664-8D98-2690A29241A3}.Release|Win32.ActiveCfg = Release|Any CPU
		{EA1B143D-4AB3-4664-8D98-2690A29241A3}.Release|x64.ActiveCfg = Release|Any CPU
		{EA1B143D-4AB3-4664-8D98-2690A29241A3}.Release|x64.Build.0 = Release|Any CPU
		{EA1B143D-4AB3-4664-8D98-2690A29241A3}.Release|x86.ActiveCfg = Release|Any CPU
		{951EF0EF-C8CB-4C3E-83FB-238ABC3663D2}.Debug|Any CPU.ActiveCfg = Debug|Any CPU
		{951EF0EF-C8CB-4C3E-83FB-238ABC3663D2}.Debug|Any CPU.Build.0 = Debug|Any CPU
		{951EF0EF-C8CB-4C3E-83FB-238ABC3663D2}.Debug|Mixed Platforms.ActiveCfg = Debug|Any CPU
		{951EF0EF-C8CB-4C3E-83FB-238ABC3663D2}.Debug|Mixed Platforms.Build.0 = Debug|Any CPU
		{951EF0EF-C8CB-4C3E-83FB-238ABC3663D2}.Debug|Win32.ActiveCfg = Debug|Any CPU
		{951EF0EF-C8CB-4C3E-83FB-238ABC3663D2}.Debug|x64.ActiveCfg = Debug|Any CPU
		{951EF0EF-C8CB-4C3E-83FB-238ABC3663D2}.Debug|x64.Build.0 = Debug|Any CPU
		{951EF0EF-C8CB-4C3E-83FB-238ABC3663D2}.Debug|x86.ActiveCfg = Debug|Any CPU
		{951EF0EF-C8CB-4C3E-83FB-238ABC3663D2}.Release|Any CPU.ActiveCfg = Release|Any CPU
		{951EF0EF-C8CB-4C3E-83FB-238ABC3663D2}.Release|Any CPU.Build.0 = Release|Any CPU
		{951EF0EF-C8CB-4C3E-83FB-238ABC3663D2}.Release|Mixed Platforms.ActiveCfg = Release|Any CPU
		{951EF0EF-C8CB-4C3E-83FB-238ABC3663D2}.Release|Mixed Platforms.Build.0 = Release|Any CPU
		{951EF0EF-C8CB-4C3E-83FB-238ABC3663D2}.Release|Win32.ActiveCfg = Release|Any CPU
		{951EF0EF-C8CB-4C3E-83FB-238ABC3663D2}.Release|x64.ActiveCfg = Release|Any CPU
		{951EF0EF-C8CB-4C3E-83FB-238ABC3663D2}.Release|x64.Build.0 = Release|Any CPU
		{951EF0EF-C8CB-4C3E-83FB-238ABC3663D2}.Release|x86.ActiveCfg = Release|Any CPU
		{E63989A5-120C-4CED-995B-53566606FD50}.Debug|Any CPU.ActiveCfg = Debug|Any CPU
		{E63989A5-120C-4CED-995B-53566606FD50}.Debug|Any CPU.Build.0 = Debug|Any CPU
		{E63989A5-120C-4CED-995B-53566606FD50}.Debug|Mixed Platforms.ActiveCfg = Debug|Any CPU
		{E63989A5-120C-4CED-995B-53566606FD50}.Debug|Mixed Platforms.Build.0 = Debug|Any CPU
		{E63989A5-120C-4CED-995B-53566606FD50}.Debug|Win32.ActiveCfg = Debug|Any CPU
		{E63989A5-120C-4CED-995B-53566606FD50}.Debug|x64.ActiveCfg = Debug|x64
		{E63989A5-120C-4CED-995B-53566606FD50}.Debug|x64.Build.0 = Debug|x64
		{E63989A5-120C-4CED-995B-53566606FD50}.Debug|x86.ActiveCfg = Debug|Any CPU
		{E63989A5-120C-4CED-995B-53566606FD50}.Release|Any CPU.ActiveCfg = Release|Any CPU
		{E63989A5-120C-4CED-995B-53566606FD50}.Release|Any CPU.Build.0 = Release|Any CPU
		{E63989A5-120C-4CED-995B-53566606FD50}.Release|Mixed Platforms.ActiveCfg = Release|Any CPU
		{E63989A5-120C-4CED-995B-53566606FD50}.Release|Mixed Platforms.Build.0 = Release|Any CPU
		{E63989A5-120C-4CED-995B-53566606FD50}.Release|Win32.ActiveCfg = Release|Any CPU
		{E63989A5-120C-4CED-995B-53566606FD50}.Release|x64.ActiveCfg = Release|x64
		{E63989A5-120C-4CED-995B-53566606FD50}.Release|x64.Build.0 = Release|x64
		{E63989A5-120C-4CED-995B-53566606FD50}.Release|x86.ActiveCfg = Release|Any CPU
		{5ECC6D6D-158A-45CD-A63C-57AB9A2488B4}.Debug|Any CPU.ActiveCfg = Debug|Any CPU
		{5ECC6D6D-158A-45CD-A63C-57AB9A2488B4}.Debug|Any CPU.Build.0 = Debug|Any CPU
		{5ECC6D6D-158A-45CD-A63C-57AB9A2488B4}.Debug|Mixed Platforms.ActiveCfg = Debug|Any CPU
		{5ECC6D6D-158A-45CD-A63C-57AB9A2488B4}.Debug|Mixed Platforms.Build.0 = Debug|Any CPU
		{5ECC6D6D-158A-45CD-A63C-57AB9A2488B4}.Debug|Win32.ActiveCfg = Debug|Any CPU
		{5ECC6D6D-158A-45CD-A63C-57AB9A2488B4}.Debug|x64.ActiveCfg = Debug|x64
		{5ECC6D6D-158A-45CD-A63C-57AB9A2488B4}.Debug|x64.Build.0 = Debug|x64
		{5ECC6D6D-158A-45CD-A63C-57AB9A2488B4}.Debug|x86.ActiveCfg = Debug|Any CPU
		{5ECC6D6D-158A-45CD-A63C-57AB9A2488B4}.Release|Any CPU.ActiveCfg = Release|Any CPU
		{5ECC6D6D-158A-45CD-A63C-57AB9A2488B4}.Release|Any CPU.Build.0 = Release|Any CPU
		{5ECC6D6D-158A-45CD-A63C-57AB9A2488B4}.Release|Mixed Platforms.ActiveCfg = Release|Any CPU
		{5ECC6D6D-158A-45CD-A63C-57AB9A2488B4}.Release|Mixed Platforms.Build.0 = Release|Any CPU
		{5ECC6D6D-158A-45CD-A63C-57AB9A2488B4}.Release|Win32.ActiveCfg = Release|Any CPU
		{5ECC6D6D-158A-45CD-A63C-57AB9A2488B4}.Release|x64.ActiveCfg = Release|x64
		{5ECC6D6D-158A-45CD-A63C-57AB9A2488B4}.Release|x64.Build.0 = Release|x64
		{5ECC6D6D-158A-45CD-A63C-57AB9A2488B4}.Release|x86.ActiveCfg = Release|Any CPU
		{5733C5D9-9C2F-4B9D-9409-0BFC31C79DB6}.Debug|Any CPU.ActiveCfg = Debug|Any CPU
		{5733C5D9-9C2F-4B9D-9409-0BFC31C79DB6}.Debug|Any CPU.Build.0 = Debug|Any CPU
		{5733C5D9-9C2F-4B9D-9409-0BFC31C79DB6}.Debug|Mixed Platforms.ActiveCfg = Debug|Any CPU
		{5733C5D9-9C2F-4B9D-9409-0BFC31C79DB6}.Debug|Mixed Platforms.Build.0 = Debug|Any CPU
		{5733C5D9-9C2F-4B9D-9409-0BFC31C79DB6}.Debug|Win32.ActiveCfg = Debug|Any CPU
		{5733C5D9-9C2F-4B9D-9409-0BFC31C79DB6}.Debug|x64.ActiveCfg = Debug|Any CPU
		{5733C5D9-9C2F-4B9D-9409-0BFC31C79DB6}.Debug|x64.Build.0 = Debug|Any CPU
		{5733C5D9-9C2F-4B9D-9409-0BFC31C79DB6}.Debug|x86.ActiveCfg = Debug|Any CPU
		{5733C5D9-9C2F-4B9D-9409-0BFC31C79DB6}.Release|Any CPU.ActiveCfg = Release|Any CPU
		{5733C5D9-9C2F-4B9D-9409-0BFC31C79DB6}.Release|Any CPU.Build.0 = Release|Any CPU
		{5733C5D9-9C2F-4B9D-9409-0BFC31C79DB6}.Release|Mixed Platforms.ActiveCfg = Release|Any CPU
		{5733C5D9-9C2F-4B9D-9409-0BFC31C79DB6}.Release|Mixed Platforms.Build.0 = Release|Any CPU
		{5733C5D9-9C2F-4B9D-9409-0BFC31C79DB6}.Release|Win32.ActiveCfg = Release|Any CPU
		{5733C5D9-9C2F-4B9D-9409-0BFC31C79DB6}.Release|x64.ActiveCfg = Release|Any CPU
		{5733C5D9-9C2F-4B9D-9409-0BFC31C79DB6}.Release|x64.Build.0 = Release|Any CPU
		{5733C5D9-9C2F-4B9D-9409-0BFC31C79DB6}.Release|x86.ActiveCfg = Release|Any CPU
		{72B731B4-9104-427F-A01B-6825CDB0C5C7}.Debug|Any CPU.ActiveCfg = Debug|Any CPU
		{72B731B4-9104-427F-A01B-6825CDB0C5C7}.Debug|Any CPU.Build.0 = Debug|Any CPU
		{72B731B4-9104-427F-A01B-6825CDB0C5C7}.Debug|Mixed Platforms.ActiveCfg = Debug|Any CPU
		{72B731B4-9104-427F-A01B-6825CDB0C5C7}.Debug|Mixed Platforms.Build.0 = Debug|Any CPU
		{72B731B4-9104-427F-A01B-6825CDB0C5C7}.Debug|Win32.ActiveCfg = Debug|Any CPU
		{72B731B4-9104-427F-A01B-6825CDB0C5C7}.Debug|x64.ActiveCfg = Debug|Any CPU
		{72B731B4-9104-427F-A01B-6825CDB0C5C7}.Debug|x86.ActiveCfg = Debug|Any CPU
		{72B731B4-9104-427F-A01B-6825CDB0C5C7}.Release|Any CPU.ActiveCfg = Release|Any CPU
		{72B731B4-9104-427F-A01B-6825CDB0C5C7}.Release|Any CPU.Build.0 = Release|Any CPU
		{72B731B4-9104-427F-A01B-6825CDB0C5C7}.Release|Mixed Platforms.ActiveCfg = Release|Any CPU
		{72B731B4-9104-427F-A01B-6825CDB0C5C7}.Release|Mixed Platforms.Build.0 = Release|Any CPU
		{72B731B4-9104-427F-A01B-6825CDB0C5C7}.Release|Win32.ActiveCfg = Release|Any CPU
		{72B731B4-9104-427F-A01B-6825CDB0C5C7}.Release|x64.ActiveCfg = Release|Any CPU
		{72B731B4-9104-427F-A01B-6825CDB0C5C7}.Release|x86.ActiveCfg = Release|Any CPU
		{C83172E1-1C4A-46D3-8B04-A9F44535B4E4}.Debug|Any CPU.ActiveCfg = Debug|Any CPU
		{C83172E1-1C4A-46D3-8B04-A9F44535B4E4}.Debug|Any CPU.Build.0 = Debug|Any CPU
		{C83172E1-1C4A-46D3-8B04-A9F44535B4E4}.Debug|Mixed Platforms.ActiveCfg = Debug|Any CPU
		{C83172E1-1C4A-46D3-8B04-A9F44535B4E4}.Debug|Mixed Platforms.Build.0 = Debug|Any CPU
		{C83172E1-1C4A-46D3-8B04-A9F44535B4E4}.Debug|Win32.ActiveCfg = Debug|Any CPU
		{C83172E1-1C4A-46D3-8B04-A9F44535B4E4}.Debug|Win32.Build.0 = Debug|Any CPU
		{C83172E1-1C4A-46D3-8B04-A9F44535B4E4}.Debug|x64.ActiveCfg = Debug|Any CPU
		{C83172E1-1C4A-46D3-8B04-A9F44535B4E4}.Debug|x64.Build.0 = Debug|Any CPU
		{C83172E1-1C4A-46D3-8B04-A9F44535B4E4}.Debug|x86.ActiveCfg = Debug|Any CPU
		{C83172E1-1C4A-46D3-8B04-A9F44535B4E4}.Debug|x86.Build.0 = Debug|Any CPU
		{C83172E1-1C4A-46D3-8B04-A9F44535B4E4}.Release|Any CPU.ActiveCfg = Release|Any CPU
		{C83172E1-1C4A-46D3-8B04-A9F44535B4E4}.Release|Any CPU.Build.0 = Release|Any CPU
		{C83172E1-1C4A-46D3-8B04-A9F44535B4E4}.Release|Mixed Platforms.ActiveCfg = Release|Any CPU
		{C83172E1-1C4A-46D3-8B04-A9F44535B4E4}.Release|Mixed Platforms.Build.0 = Release|Any CPU
		{C83172E1-1C4A-46D3-8B04-A9F44535B4E4}.Release|Win32.ActiveCfg = Release|Any CPU
		{C83172E1-1C4A-46D3-8B04-A9F44535B4E4}.Release|Win32.Build.0 = Release|Any CPU
		{C83172E1-1C4A-46D3-8B04-A9F44535B4E4}.Release|x64.ActiveCfg = Release|Any CPU
		{C83172E1-1C4A-46D3-8B04-A9F44535B4E4}.Release|x64.Build.0 = Release|Any CPU
		{C83172E1-1C4A-46D3-8B04-A9F44535B4E4}.Release|x86.ActiveCfg = Release|Any CPU
		{C83172E1-1C4A-46D3-8B04-A9F44535B4E4}.Release|x86.Build.0 = Release|Any CPU
		{02EEDEAD-69EC-4F30-9DFC-2B496075A958}.Debug|Any CPU.ActiveCfg = Debug|Any CPU
		{02EEDEAD-69EC-4F30-9DFC-2B496075A958}.Debug|Any CPU.Build.0 = Debug|Any CPU
		{02EEDEAD-69EC-4F30-9DFC-2B496075A958}.Debug|Mixed Platforms.ActiveCfg = Debug|Any CPU
		{02EEDEAD-69EC-4F30-9DFC-2B496075A958}.Debug|Mixed Platforms.Build.0 = Debug|Any CPU
		{02EEDEAD-69EC-4F30-9DFC-2B496075A958}.Debug|Win32.ActiveCfg = Debug|Any CPU
		{02EEDEAD-69EC-4F30-9DFC-2B496075A958}.Debug|Win32.Build.0 = Debug|Any CPU
		{02EEDEAD-69EC-4F30-9DFC-2B496075A958}.Debug|x64.ActiveCfg = Debug|Any CPU
		{02EEDEAD-69EC-4F30-9DFC-2B496075A958}.Debug|x64.Build.0 = Debug|Any CPU
		{02EEDEAD-69EC-4F30-9DFC-2B496075A958}.Debug|x86.ActiveCfg = Debug|Any CPU
		{02EEDEAD-69EC-4F30-9DFC-2B496075A958}.Debug|x86.Build.0 = Debug|Any CPU
		{02EEDEAD-69EC-4F30-9DFC-2B496075A958}.Release|Any CPU.ActiveCfg = Release|Any CPU
		{02EEDEAD-69EC-4F30-9DFC-2B496075A958}.Release|Any CPU.Build.0 = Release|Any CPU
		{02EEDEAD-69EC-4F30-9DFC-2B496075A958}.Release|Mixed Platforms.ActiveCfg = Release|Any CPU
		{02EEDEAD-69EC-4F30-9DFC-2B496075A958}.Release|Mixed Platforms.Build.0 = Release|Any CPU
		{02EEDEAD-69EC-4F30-9DFC-2B496075A958}.Release|Win32.ActiveCfg = Release|Any CPU
		{02EEDEAD-69EC-4F30-9DFC-2B496075A958}.Release|Win32.Build.0 = Release|Any CPU
		{02EEDEAD-69EC-4F30-9DFC-2B496075A958}.Release|x64.ActiveCfg = Release|Any CPU
		{02EEDEAD-69EC-4F30-9DFC-2B496075A958}.Release|x64.Build.0 = Release|Any CPU
		{02EEDEAD-69EC-4F30-9DFC-2B496075A958}.Release|x86.ActiveCfg = Release|Any CPU
		{02EEDEAD-69EC-4F30-9DFC-2B496075A958}.Release|x86.Build.0 = Release|Any CPU
		{9668209D-BEC3-4541-B42C-3B7FB72825EC}.Debug|Any CPU.ActiveCfg = Debug|Any CPU
		{9668209D-BEC3-4541-B42C-3B7FB72825EC}.Debug|Any CPU.Build.0 = Debug|Any CPU
		{9668209D-BEC3-4541-B42C-3B7FB72825EC}.Debug|Mixed Platforms.ActiveCfg = Debug|Any CPU
		{9668209D-BEC3-4541-B42C-3B7FB72825EC}.Debug|Mixed Platforms.Build.0 = Debug|Any CPU
		{9668209D-BEC3-4541-B42C-3B7FB72825EC}.Debug|Win32.ActiveCfg = Debug|Any CPU
		{9668209D-BEC3-4541-B42C-3B7FB72825EC}.Debug|Win32.Build.0 = Debug|Any CPU
		{9668209D-BEC3-4541-B42C-3B7FB72825EC}.Debug|x64.ActiveCfg = Debug|Any CPU
		{9668209D-BEC3-4541-B42C-3B7FB72825EC}.Debug|x64.Build.0 = Debug|Any CPU
		{9668209D-BEC3-4541-B42C-3B7FB72825EC}.Debug|x86.ActiveCfg = Debug|Any CPU
		{9668209D-BEC3-4541-B42C-3B7FB72825EC}.Debug|x86.Build.0 = Debug|Any CPU
		{9668209D-BEC3-4541-B42C-3B7FB72825EC}.Release|Any CPU.ActiveCfg = Release|Any CPU
		{9668209D-BEC3-4541-B42C-3B7FB72825EC}.Release|Any CPU.Build.0 = Release|Any CPU
		{9668209D-BEC3-4541-B42C-3B7FB72825EC}.Release|Mixed Platforms.ActiveCfg = Release|Any CPU
		{9668209D-BEC3-4541-B42C-3B7FB72825EC}.Release|Mixed Platforms.Build.0 = Release|Any CPU
		{9668209D-BEC3-4541-B42C-3B7FB72825EC}.Release|Win32.ActiveCfg = Release|Any CPU
		{9668209D-BEC3-4541-B42C-3B7FB72825EC}.Release|Win32.Build.0 = Release|Any CPU
		{9668209D-BEC3-4541-B42C-3B7FB72825EC}.Release|x64.ActiveCfg = Release|Any CPU
		{9668209D-BEC3-4541-B42C-3B7FB72825EC}.Release|x64.Build.0 = Release|Any CPU
		{9668209D-BEC3-4541-B42C-3B7FB72825EC}.Release|x86.ActiveCfg = Release|Any CPU
		{9668209D-BEC3-4541-B42C-3B7FB72825EC}.Release|x86.Build.0 = Release|Any CPU
		{FD1B1A57-548B-4AB5-A867-1528C8F1DE8F}.Debug|Any CPU.ActiveCfg = Debug|Any CPU
		{FD1B1A57-548B-4AB5-A867-1528C8F1DE8F}.Debug|Any CPU.Build.0 = Debug|Any CPU
		{FD1B1A57-548B-4AB5-A867-1528C8F1DE8F}.Debug|Mixed Platforms.ActiveCfg = Debug|Any CPU
		{FD1B1A57-548B-4AB5-A867-1528C8F1DE8F}.Debug|Mixed Platforms.Build.0 = Debug|Any CPU
		{FD1B1A57-548B-4AB5-A867-1528C8F1DE8F}.Debug|Win32.ActiveCfg = Debug|Any CPU
		{FD1B1A57-548B-4AB5-A867-1528C8F1DE8F}.Debug|Win32.Build.0 = Debug|Any CPU
		{FD1B1A57-548B-4AB5-A867-1528C8F1DE8F}.Debug|x64.ActiveCfg = Debug|Any CPU
		{FD1B1A57-548B-4AB5-A867-1528C8F1DE8F}.Debug|x64.Build.0 = Debug|Any CPU
		{FD1B1A57-548B-4AB5-A867-1528C8F1DE8F}.Debug|x86.ActiveCfg = Debug|Any CPU
		{FD1B1A57-548B-4AB5-A867-1528C8F1DE8F}.Debug|x86.Build.0 = Debug|Any CPU
		{FD1B1A57-548B-4AB5-A867-1528C8F1DE8F}.Release|Any CPU.ActiveCfg = Release|Any CPU
		{FD1B1A57-548B-4AB5-A867-1528C8F1DE8F}.Release|Any CPU.Build.0 = Release|Any CPU
		{FD1B1A57-548B-4AB5-A867-1528C8F1DE8F}.Release|Mixed Platforms.ActiveCfg = Release|Any CPU
		{FD1B1A57-548B-4AB5-A867-1528C8F1DE8F}.Release|Mixed Platforms.Build.0 = Release|Any CPU
		{FD1B1A57-548B-4AB5-A867-1528C8F1DE8F}.Release|Win32.ActiveCfg = Release|Any CPU
		{FD1B1A57-548B-4AB5-A867-1528C8F1DE8F}.Release|Win32.Build.0 = Release|Any CPU
		{FD1B1A57-548B-4AB5-A867-1528C8F1DE8F}.Release|x64.ActiveCfg = Release|Any CPU
		{FD1B1A57-548B-4AB5-A867-1528C8F1DE8F}.Release|x64.Build.0 = Release|Any CPU
		{FD1B1A57-548B-4AB5-A867-1528C8F1DE8F}.Release|x86.ActiveCfg = Release|Any CPU
		{FD1B1A57-548B-4AB5-A867-1528C8F1DE8F}.Release|x86.Build.0 = Release|Any CPU
		{4F986CA3-A8FF-442F-A52F-B7A24EF558C7}.Debug|Any CPU.ActiveCfg = Debug|Any CPU
		{4F986CA3-A8FF-442F-A52F-B7A24EF558C7}.Debug|Any CPU.Build.0 = Debug|Any CPU
		{4F986CA3-A8FF-442F-A52F-B7A24EF558C7}.Debug|Mixed Platforms.ActiveCfg = Debug|Any CPU
		{4F986CA3-A8FF-442F-A52F-B7A24EF558C7}.Debug|Mixed Platforms.Build.0 = Debug|Any CPU
		{4F986CA3-A8FF-442F-A52F-B7A24EF558C7}.Debug|Win32.ActiveCfg = Debug|Any CPU
		{4F986CA3-A8FF-442F-A52F-B7A24EF558C7}.Debug|Win32.Build.0 = Debug|Any CPU
		{4F986CA3-A8FF-442F-A52F-B7A24EF558C7}.Debug|x64.ActiveCfg = Debug|Any CPU
		{4F986CA3-A8FF-442F-A52F-B7A24EF558C7}.Debug|x64.Build.0 = Debug|Any CPU
		{4F986CA3-A8FF-442F-A52F-B7A24EF558C7}.Debug|x86.ActiveCfg = Debug|Any CPU
		{4F986CA3-A8FF-442F-A52F-B7A24EF558C7}.Debug|x86.Build.0 = Debug|Any CPU
		{4F986CA3-A8FF-442F-A52F-B7A24EF558C7}.Release|Any CPU.ActiveCfg = Release|Any CPU
		{4F986CA3-A8FF-442F-A52F-B7A24EF558C7}.Release|Any CPU.Build.0 = Release|Any CPU
		{4F986CA3-A8FF-442F-A52F-B7A24EF558C7}.Release|Mixed Platforms.ActiveCfg = Release|Any CPU
		{4F986CA3-A8FF-442F-A52F-B7A24EF558C7}.Release|Mixed Platforms.Build.0 = Release|Any CPU
		{4F986CA3-A8FF-442F-A52F-B7A24EF558C7}.Release|Win32.ActiveCfg = Release|Any CPU
		{4F986CA3-A8FF-442F-A52F-B7A24EF558C7}.Release|Win32.Build.0 = Release|Any CPU
		{4F986CA3-A8FF-442F-A52F-B7A24EF558C7}.Release|x64.ActiveCfg = Release|Any CPU
		{4F986CA3-A8FF-442F-A52F-B7A24EF558C7}.Release|x64.Build.0 = Release|Any CPU
		{4F986CA3-A8FF-442F-A52F-B7A24EF558C7}.Release|x86.ActiveCfg = Release|Any CPU
		{4F986CA3-A8FF-442F-A52F-B7A24EF558C7}.Release|x86.Build.0 = Release|Any CPU
		{AAD04340-ED65-44C5-BE9D-E52A24454CA0}.Debug|Any CPU.ActiveCfg = Debug|Any CPU
		{AAD04340-ED65-44C5-BE9D-E52A24454CA0}.Debug|Any CPU.Build.0 = Debug|Any CPU
		{AAD04340-ED65-44C5-BE9D-E52A24454CA0}.Debug|Mixed Platforms.ActiveCfg = Debug|Any CPU
		{AAD04340-ED65-44C5-BE9D-E52A24454CA0}.Debug|Mixed Platforms.Build.0 = Debug|Any CPU
		{AAD04340-ED65-44C5-BE9D-E52A24454CA0}.Debug|Win32.ActiveCfg = Debug|Any CPU
		{AAD04340-ED65-44C5-BE9D-E52A24454CA0}.Debug|x64.ActiveCfg = Debug|Any CPU
		{AAD04340-ED65-44C5-BE9D-E52A24454CA0}.Debug|x86.ActiveCfg = Debug|Any CPU
		{AAD04340-ED65-44C5-BE9D-E52A24454CA0}.Release|Any CPU.ActiveCfg = Release|Any CPU
		{AAD04340-ED65-44C5-BE9D-E52A24454CA0}.Release|Any CPU.Build.0 = Release|Any CPU
		{AAD04340-ED65-44C5-BE9D-E52A24454CA0}.Release|Mixed Platforms.ActiveCfg = Release|Any CPU
		{AAD04340-ED65-44C5-BE9D-E52A24454CA0}.Release|Mixed Platforms.Build.0 = Release|Any CPU
		{AAD04340-ED65-44C5-BE9D-E52A24454CA0}.Release|Win32.ActiveCfg = Release|Any CPU
		{AAD04340-ED65-44C5-BE9D-E52A24454CA0}.Release|x64.ActiveCfg = Release|Any CPU
		{AAD04340-ED65-44C5-BE9D-E52A24454CA0}.Release|x86.ActiveCfg = Release|Any CPU
		{6545629C-0670-45F6-B754-DE1A2BA558EC}.Debug|Any CPU.ActiveCfg = Debug|Any CPU
		{6545629C-0670-45F6-B754-DE1A2BA558EC}.Debug|Any CPU.Build.0 = Debug|Any CPU
		{6545629C-0670-45F6-B754-DE1A2BA558EC}.Debug|Mixed Platforms.ActiveCfg = Debug|Any CPU
		{6545629C-0670-45F6-B754-DE1A2BA558EC}.Debug|Mixed Platforms.Build.0 = Debug|Any CPU
		{6545629C-0670-45F6-B754-DE1A2BA558EC}.Debug|Win32.ActiveCfg = Debug|Any CPU
		{6545629C-0670-45F6-B754-DE1A2BA558EC}.Debug|Win32.Build.0 = Debug|Any CPU
		{6545629C-0670-45F6-B754-DE1A2BA558EC}.Debug|x64.ActiveCfg = Debug|Any CPU
		{6545629C-0670-45F6-B754-DE1A2BA558EC}.Debug|x64.Build.0 = Debug|Any CPU
		{6545629C-0670-45F6-B754-DE1A2BA558EC}.Debug|x86.ActiveCfg = Debug|Any CPU
		{6545629C-0670-45F6-B754-DE1A2BA558EC}.Debug|x86.Build.0 = Debug|Any CPU
		{6545629C-0670-45F6-B754-DE1A2BA558EC}.Release|Any CPU.ActiveCfg = Release|Any CPU
		{6545629C-0670-45F6-B754-DE1A2BA558EC}.Release|Any CPU.Build.0 = Release|Any CPU
		{6545629C-0670-45F6-B754-DE1A2BA558EC}.Release|Mixed Platforms.ActiveCfg = Release|Any CPU
		{6545629C-0670-45F6-B754-DE1A2BA558EC}.Release|Mixed Platforms.Build.0 = Release|Any CPU
		{6545629C-0670-45F6-B754-DE1A2BA558EC}.Release|Win32.ActiveCfg = Release|Any CPU
		{6545629C-0670-45F6-B754-DE1A2BA558EC}.Release|Win32.Build.0 = Release|Any CPU
		{6545629C-0670-45F6-B754-DE1A2BA558EC}.Release|x64.ActiveCfg = Release|Any CPU
		{6545629C-0670-45F6-B754-DE1A2BA558EC}.Release|x64.Build.0 = Release|Any CPU
		{6545629C-0670-45F6-B754-DE1A2BA558EC}.Release|x86.ActiveCfg = Release|Any CPU
		{6545629C-0670-45F6-B754-DE1A2BA558EC}.Release|x86.Build.0 = Release|Any CPU
		{D6CED419-8CAB-4CA2-AA2F-BA913337AF4C}.Debug|Any CPU.ActiveCfg = Debug|Any CPU
		{D6CED419-8CAB-4CA2-AA2F-BA913337AF4C}.Debug|Any CPU.Build.0 = Debug|Any CPU
		{D6CED419-8CAB-4CA2-AA2F-BA913337AF4C}.Debug|Mixed Platforms.ActiveCfg = Debug|Any CPU
		{D6CED419-8CAB-4CA2-AA2F-BA913337AF4C}.Debug|Mixed Platforms.Build.0 = Debug|Any CPU
		{D6CED419-8CAB-4CA2-AA2F-BA913337AF4C}.Debug|Win32.ActiveCfg = Debug|Any CPU
		{D6CED419-8CAB-4CA2-AA2F-BA913337AF4C}.Debug|Win32.Build.0 = Debug|Any CPU
		{D6CED419-8CAB-4CA2-AA2F-BA913337AF4C}.Debug|x64.ActiveCfg = Debug|Any CPU
		{D6CED419-8CAB-4CA2-AA2F-BA913337AF4C}.Debug|x64.Build.0 = Debug|Any CPU
		{D6CED419-8CAB-4CA2-AA2F-BA913337AF4C}.Debug|x86.ActiveCfg = Debug|Any CPU
		{D6CED419-8CAB-4CA2-AA2F-BA913337AF4C}.Debug|x86.Build.0 = Debug|Any CPU
		{D6CED419-8CAB-4CA2-AA2F-BA913337AF4C}.Release|Any CPU.ActiveCfg = Release|Any CPU
		{D6CED419-8CAB-4CA2-AA2F-BA913337AF4C}.Release|Any CPU.Build.0 = Release|Any CPU
		{D6CED419-8CAB-4CA2-AA2F-BA913337AF4C}.Release|Mixed Platforms.ActiveCfg = Release|Any CPU
		{D6CED419-8CAB-4CA2-AA2F-BA913337AF4C}.Release|Mixed Platforms.Build.0 = Release|Any CPU
		{D6CED419-8CAB-4CA2-AA2F-BA913337AF4C}.Release|Win32.ActiveCfg = Release|Any CPU
		{D6CED419-8CAB-4CA2-AA2F-BA913337AF4C}.Release|Win32.Build.0 = Release|Any CPU
		{D6CED419-8CAB-4CA2-AA2F-BA913337AF4C}.Release|x64.ActiveCfg = Release|Any CPU
		{D6CED419-8CAB-4CA2-AA2F-BA913337AF4C}.Release|x64.Build.0 = Release|Any CPU
		{D6CED419-8CAB-4CA2-AA2F-BA913337AF4C}.Release|x86.ActiveCfg = Release|Any CPU
		{D6CED419-8CAB-4CA2-AA2F-BA913337AF4C}.Release|x86.Build.0 = Release|Any CPU
		{CE373F06-A355-4F92-AD13-83FEC6B74FDB}.Debug|Any CPU.ActiveCfg = Debug|Any CPU
		{CE373F06-A355-4F92-AD13-83FEC6B74FDB}.Debug|Any CPU.Build.0 = Debug|Any CPU
		{CE373F06-A355-4F92-AD13-83FEC6B74FDB}.Debug|Mixed Platforms.ActiveCfg = Debug|Any CPU
		{CE373F06-A355-4F92-AD13-83FEC6B74FDB}.Debug|Mixed Platforms.Build.0 = Debug|Any CPU
		{CE373F06-A355-4F92-AD13-83FEC6B74FDB}.Debug|Win32.ActiveCfg = Debug|Any CPU
		{CE373F06-A355-4F92-AD13-83FEC6B74FDB}.Debug|Win32.Build.0 = Debug|Any CPU
		{CE373F06-A355-4F92-AD13-83FEC6B74FDB}.Debug|x64.ActiveCfg = Debug|Any CPU
		{CE373F06-A355-4F92-AD13-83FEC6B74FDB}.Debug|x64.Build.0 = Debug|Any CPU
		{CE373F06-A355-4F92-AD13-83FEC6B74FDB}.Debug|x86.ActiveCfg = Debug|Any CPU
		{CE373F06-A355-4F92-AD13-83FEC6B74FDB}.Debug|x86.Build.0 = Debug|Any CPU
		{CE373F06-A355-4F92-AD13-83FEC6B74FDB}.Release|Any CPU.ActiveCfg = Release|Any CPU
		{CE373F06-A355-4F92-AD13-83FEC6B74FDB}.Release|Any CPU.Build.0 = Release|Any CPU
		{CE373F06-A355-4F92-AD13-83FEC6B74FDB}.Release|Mixed Platforms.ActiveCfg = Release|Any CPU
		{CE373F06-A355-4F92-AD13-83FEC6B74FDB}.Release|Mixed Platforms.Build.0 = Release|Any CPU
		{CE373F06-A355-4F92-AD13-83FEC6B74FDB}.Release|Win32.ActiveCfg = Release|Any CPU
		{CE373F06-A355-4F92-AD13-83FEC6B74FDB}.Release|Win32.Build.0 = Release|Any CPU
		{CE373F06-A355-4F92-AD13-83FEC6B74FDB}.Release|x64.ActiveCfg = Release|Any CPU
		{CE373F06-A355-4F92-AD13-83FEC6B74FDB}.Release|x64.Build.0 = Release|Any CPU
		{CE373F06-A355-4F92-AD13-83FEC6B74FDB}.Release|x86.ActiveCfg = Release|Any CPU
		{CE373F06-A355-4F92-AD13-83FEC6B74FDB}.Release|x86.Build.0 = Release|Any CPU
		{6267FDA7-6663-4673-ADA2-56E12397771A}.Debug|Any CPU.ActiveCfg = Debug|Any CPU
		{6267FDA7-6663-4673-ADA2-56E12397771A}.Debug|Any CPU.Build.0 = Debug|Any CPU
		{6267FDA7-6663-4673-ADA2-56E12397771A}.Debug|Mixed Platforms.ActiveCfg = Debug|Any CPU
		{6267FDA7-6663-4673-ADA2-56E12397771A}.Debug|Mixed Platforms.Build.0 = Debug|Any CPU
		{6267FDA7-6663-4673-ADA2-56E12397771A}.Debug|Win32.ActiveCfg = Debug|Any CPU
		{6267FDA7-6663-4673-ADA2-56E12397771A}.Debug|Win32.Build.0 = Debug|Any CPU
		{6267FDA7-6663-4673-ADA2-56E12397771A}.Debug|x64.ActiveCfg = Debug|Any CPU
		{6267FDA7-6663-4673-ADA2-56E12397771A}.Debug|x64.Build.0 = Debug|Any CPU
		{6267FDA7-6663-4673-ADA2-56E12397771A}.Debug|x86.ActiveCfg = Debug|Any CPU
		{6267FDA7-6663-4673-ADA2-56E12397771A}.Debug|x86.Build.0 = Debug|Any CPU
		{6267FDA7-6663-4673-ADA2-56E12397771A}.Release|Any CPU.ActiveCfg = Release|Any CPU
		{6267FDA7-6663-4673-ADA2-56E12397771A}.Release|Any CPU.Build.0 = Release|Any CPU
		{6267FDA7-6663-4673-ADA2-56E12397771A}.Release|Mixed Platforms.ActiveCfg = Release|Any CPU
		{6267FDA7-6663-4673-ADA2-56E12397771A}.Release|Mixed Platforms.Build.0 = Release|Any CPU
		{6267FDA7-6663-4673-ADA2-56E12397771A}.Release|Win32.ActiveCfg = Release|Any CPU
		{6267FDA7-6663-4673-ADA2-56E12397771A}.Release|Win32.Build.0 = Release|Any CPU
		{6267FDA7-6663-4673-ADA2-56E12397771A}.Release|x64.ActiveCfg = Release|Any CPU
		{6267FDA7-6663-4673-ADA2-56E12397771A}.Release|x64.Build.0 = Release|Any CPU
		{6267FDA7-6663-4673-ADA2-56E12397771A}.Release|x86.ActiveCfg = Release|Any CPU
		{6267FDA7-6663-4673-ADA2-56E12397771A}.Release|x86.Build.0 = Release|Any CPU
		{104C31CB-AC74-4E7C-8DBF-96E77E6D0877}.Debug|Any CPU.ActiveCfg = Debug|Any CPU
		{104C31CB-AC74-4E7C-8DBF-96E77E6D0877}.Debug|Any CPU.Build.0 = Debug|Any CPU
		{104C31CB-AC74-4E7C-8DBF-96E77E6D0877}.Debug|Mixed Platforms.ActiveCfg = Debug|Any CPU
		{104C31CB-AC74-4E7C-8DBF-96E77E6D0877}.Debug|Mixed Platforms.Build.0 = Debug|Any CPU
		{104C31CB-AC74-4E7C-8DBF-96E77E6D0877}.Debug|Win32.ActiveCfg = Debug|Any CPU
		{104C31CB-AC74-4E7C-8DBF-96E77E6D0877}.Debug|Win32.Build.0 = Debug|Any CPU
		{104C31CB-AC74-4E7C-8DBF-96E77E6D0877}.Debug|x64.ActiveCfg = Debug|Any CPU
		{104C31CB-AC74-4E7C-8DBF-96E77E6D0877}.Debug|x64.Build.0 = Debug|Any CPU
		{104C31CB-AC74-4E7C-8DBF-96E77E6D0877}.Debug|x86.ActiveCfg = Debug|Any CPU
		{104C31CB-AC74-4E7C-8DBF-96E77E6D0877}.Debug|x86.Build.0 = Debug|Any CPU
		{104C31CB-AC74-4E7C-8DBF-96E77E6D0877}.Release|Any CPU.ActiveCfg = Release|Any CPU
		{104C31CB-AC74-4E7C-8DBF-96E77E6D0877}.Release|Any CPU.Build.0 = Release|Any CPU
		{104C31CB-AC74-4E7C-8DBF-96E77E6D0877}.Release|Mixed Platforms.ActiveCfg = Release|Any CPU
		{104C31CB-AC74-4E7C-8DBF-96E77E6D0877}.Release|Mixed Platforms.Build.0 = Release|Any CPU
		{104C31CB-AC74-4E7C-8DBF-96E77E6D0877}.Release|Win32.ActiveCfg = Release|Any CPU
		{104C31CB-AC74-4E7C-8DBF-96E77E6D0877}.Release|Win32.Build.0 = Release|Any CPU
		{104C31CB-AC74-4E7C-8DBF-96E77E6D0877}.Release|x64.ActiveCfg = Release|Any CPU
		{104C31CB-AC74-4E7C-8DBF-96E77E6D0877}.Release|x64.Build.0 = Release|Any CPU
		{104C31CB-AC74-4E7C-8DBF-96E77E6D0877}.Release|x86.ActiveCfg = Release|Any CPU
		{104C31CB-AC74-4E7C-8DBF-96E77E6D0877}.Release|x86.Build.0 = Release|Any CPU
	EndGlobalSection
	GlobalSection(SolutionProperties) = preSolution
		HideSolutionNode = FALSE
	EndGlobalSection
	GlobalSection(NestedProjects) = preSolution
		{65739E63-2A12-4669-BED8-FC8AEDDE0A71} = {ABB8ACBC-9B74-42F6-8572-1409E235E856}
		{4DF2E83B-E8FE-46B9-80BE-5DE7EEF6E63D} = {2D28BEAB-F646-4B90-B469-6CA653991A93}
		{29BE140B-9BBB-4F99-B4C7-429A39B170B1} = {A48BF2D7-1BDF-4323-BDF5-D763C91BD2AD}
		{47262F69-FA26-4541-9DE7-3FB9E7135EB8} = {A48BF2D7-1BDF-4323-BDF5-D763C91BD2AD}
		{419A856A-0441-4DC5-8235-290172F7FDD8} = {A48BF2D7-1BDF-4323-BDF5-D763C91BD2AD}
		{91642B1B-38E6-402A-BFD0-5874F47446EE} = {7E98A67B-2118-4EF2-B9AA-5BDAE226C3AF}
		{9D53CCB9-CB14-43CE-BEAD-D3DC16757076} = {7E98A67B-2118-4EF2-B9AA-5BDAE226C3AF}
		{8710C054-7A7E-454C-BE1D-CD373580A2CE} = {7E98A67B-2118-4EF2-B9AA-5BDAE226C3AF}
		{20EC6B81-0747-4659-B07F-EA9B21985A30} = {7E98A67B-2118-4EF2-B9AA-5BDAE226C3AF}
		{2A009A4F-48E6-43F0-9F1D-2F751A9A2645} = {7E98A67B-2118-4EF2-B9AA-5BDAE226C3AF}
		{B7DD2BD7-1C8F-4509-A871-D8BF21E48991} = {7E98A67B-2118-4EF2-B9AA-5BDAE226C3AF}
		{F476C75B-3F27-4983-95B6-641DAD5AD8FD} = {7E98A67B-2118-4EF2-B9AA-5BDAE226C3AF}
		{0ECF0B34-295E-4DAE-8C1F-AC560D16E076} = {A90E8CF6-4BF2-4F50-BB21-1F17F2B4A076}
		{37599C55-E14E-425A-B8D8-F68FE14682E1} = {7E98A67B-2118-4EF2-B9AA-5BDAE226C3AF}
		{975054BC-3216-4504-99C1-2B0529B3716C} = {8671FF8B-2ABA-45B6-84D5-BFFB4BF786EF}
		{F6718847-DA31-4E8D-B8E9-DD07F58B72E7} = {7E98A67B-2118-4EF2-B9AA-5BDAE226C3AF}
		{0C392502-69E2-4E54-AA9D-9F455DF414D8} = {7E98A67B-2118-4EF2-B9AA-5BDAE226C3AF}
		{289E14A3-5E0B-4879-8380-A19914E1D0CB} = {7E98A67B-2118-4EF2-B9AA-5BDAE226C3AF}
		{EDAD1EC0-A594-4094-BAD6-8495F0B3BE98} = {7E98A67B-2118-4EF2-B9AA-5BDAE226C3AF}
		{98C27A5A-86DD-4261-9F7F-1C719F6B03C1} = {ABB8ACBC-9B74-42F6-8572-1409E235E856}
		{9793DE91-27D9-41EA-8AC1-4A7F461675E8} = {7E98A67B-2118-4EF2-B9AA-5BDAE226C3AF}
		{91697FB8-B517-4AD8-B410-488B9C00E5C4} = {8671FF8B-2ABA-45B6-84D5-BFFB4BF786EF}
		{A4A041B3-53EF-4E6B-8424-F5A1C9EC0D82} = {A90E8CF6-4BF2-4F50-BB21-1F17F2B4A076}
		{1BF911F7-1DAB-4161-81A3-09A571186128} = {8671FF8B-2ABA-45B6-84D5-BFFB4BF786EF}
		{50E4995A-A58B-4651-86D9-8196668D3DF1} = {7E98A67B-2118-4EF2-B9AA-5BDAE226C3AF}
		{711D48B6-582B-459E-9483-D7C91C5A15E7} = {A90E8CF6-4BF2-4F50-BB21-1F17F2B4A076}
		{07651934-00AA-4264-AD63-C18222C948D7} = {A90E8CF6-4BF2-4F50-BB21-1F17F2B4A076}
		{EA1B143D-4AB3-4664-8D98-2690A29241A3} = {7E98A67B-2118-4EF2-B9AA-5BDAE226C3AF}
		{951EF0EF-C8CB-4C3E-83FB-238ABC3663D2} = {7E98A67B-2118-4EF2-B9AA-5BDAE226C3AF}
		{E63989A5-120C-4CED-995B-53566606FD50} = {7E98A67B-2118-4EF2-B9AA-5BDAE226C3AF}
		{5ECC6D6D-158A-45CD-A63C-57AB9A2488B4} = {7E98A67B-2118-4EF2-B9AA-5BDAE226C3AF}
		{5733C5D9-9C2F-4B9D-9409-0BFC31C79DB6} = {7E98A67B-2118-4EF2-B9AA-5BDAE226C3AF}
		{72B731B4-9104-427F-A01B-6825CDB0C5C7} = {7E98A67B-2118-4EF2-B9AA-5BDAE226C3AF}
		{C83172E1-1C4A-46D3-8B04-A9F44535B4E4} = {A48BF2D7-1BDF-4323-BDF5-D763C91BD2AD}
		{02EEDEAD-69EC-4F30-9DFC-2B496075A958} = {7E98A67B-2118-4EF2-B9AA-5BDAE226C3AF}
		{9668209D-BEC3-4541-B42C-3B7FB72825EC} = {7E98A67B-2118-4EF2-B9AA-5BDAE226C3AF}
		{FD1B1A57-548B-4AB5-A867-1528C8F1DE8F} = {A90E8CF6-4BF2-4F50-BB21-1F17F2B4A076}
		{4F986CA3-A8FF-442F-A52F-B7A24EF558C7} = {7E98A67B-2118-4EF2-B9AA-5BDAE226C3AF}
		{AAD04340-ED65-44C5-BE9D-E52A24454CA0} = {7E98A67B-2118-4EF2-B9AA-5BDAE226C3AF}
		{6545629C-0670-45F6-B754-DE1A2BA558EC} = {A90E8CF6-4BF2-4F50-BB21-1F17F2B4A076}
		{D6CED419-8CAB-4CA2-AA2F-BA913337AF4C} = {7E98A67B-2118-4EF2-B9AA-5BDAE226C3AF}
		{CE373F06-A355-4F92-AD13-83FEC6B74FDB} = {7E98A67B-2118-4EF2-B9AA-5BDAE226C3AF}
		{6267FDA7-6663-4673-ADA2-56E12397771A} = {7E98A67B-2118-4EF2-B9AA-5BDAE226C3AF}
		{104C31CB-AC74-4E7C-8DBF-96E77E6D0877} = {7E98A67B-2118-4EF2-B9AA-5BDAE226C3AF}
	EndGlobalSection
EndGlobal
